// !$*UTF8*$!
{
	archiveVersion = 1;
	classes = {
	};
	objectVersion = 50;
	objects = {

/* Begin PBXBuildFile section */
		4C072A1521CECCAE00DCB0DE /* AppDelegate.swift in Sources */ = {isa = PBXBuildFile; fileRef = 4C072A1421CECCAE00DCB0DE /* AppDelegate.swift */; };
		4C072A1721CECCAE00DCB0DE /* ExcuseViewController.swift in Sources */ = {isa = PBXBuildFile; fileRef = 4C072A1621CECCAE00DCB0DE /* ExcuseViewController.swift */; };
		4C072A1A21CECCAE00DCB0DE /* Main.storyboard in Resources */ = {isa = PBXBuildFile; fileRef = 4C072A1821CECCAE00DCB0DE /* Main.storyboard */; };
		4C072A1D21CECCAE00DCB0DE /* Excusedex.xcdatamodeld in Sources */ = {isa = PBXBuildFile; fileRef = 4C072A1B21CECCAE00DCB0DE /* Excusedex.xcdatamodeld */; };
		4C072A1F21CECCAF00DCB0DE /* Assets.xcassets in Resources */ = {isa = PBXBuildFile; fileRef = 4C072A1E21CECCAF00DCB0DE /* Assets.xcassets */; };
		4C072A2221CECCAF00DCB0DE /* LaunchScreen.storyboard in Resources */ = {isa = PBXBuildFile; fileRef = 4C072A2021CECCAF00DCB0DE /* LaunchScreen.storyboard */; };
		4C072A2C21CED24C00DCB0DE /* ExcusesStrings.swift in Sources */ = {isa = PBXBuildFile; fileRef = 4C072A2B21CED24C00DCB0DE /* ExcusesStrings.swift */; };
		4C1CBE1321CEF75500048AA9 /* SetupCell.swift in Sources */ = {isa = PBXBuildFile; fileRef = 4C1CBE1221CEF75500048AA9 /* SetupCell.swift */; };
/* End PBXBuildFile section */

/* Begin PBXFileReference section */
		4C072A1121CECCAE00DCB0DE /* Excusedex.app */ = {isa = PBXFileReference; explicitFileType = wrapper.application; includeInIndex = 0; path = Excusedex.app; sourceTree = BUILT_PRODUCTS_DIR; };
		4C072A1421CECCAE00DCB0DE /* AppDelegate.swift */ = {isa = PBXFileReference; lastKnownFileType = sourcecode.swift; path = AppDelegate.swift; sourceTree = "<group>"; };
		4C072A1621CECCAE00DCB0DE /* ExcuseViewController.swift */ = {isa = PBXFileReference; lastKnownFileType = sourcecode.swift; path = ExcuseViewController.swift; sourceTree = "<group>"; };
		4C072A1921CECCAE00DCB0DE /* Base */ = {isa = PBXFileReference; lastKnownFileType = file.storyboard; name = Base; path = Base.lproj/Main.storyboard; sourceTree = "<group>"; };
		4C072A1C21CECCAE00DCB0DE /* Excusedex.xcdatamodel */ = {isa = PBXFileReference; lastKnownFileType = wrapper.xcdatamodel; path = Excusedex.xcdatamodel; sourceTree = "<group>"; };
		4C072A1E21CECCAF00DCB0DE /* Assets.xcassets */ = {isa = PBXFileReference; lastKnownFileType = folder.assetcatalog; path = Assets.xcassets; sourceTree = "<group>"; };
		4C072A2121CECCAF00DCB0DE /* Base */ = {isa = PBXFileReference; lastKnownFileType = file.storyboard; name = Base; path = Base.lproj/LaunchScreen.storyboard; sourceTree = "<group>"; };
		4C072A2321CECCAF00DCB0DE /* Info.plist */ = {isa = PBXFileReference; lastKnownFileType = text.plist.xml; path = Info.plist; sourceTree = "<group>"; };
		4C072A2B21CED24C00DCB0DE /* ExcusesStrings.swift */ = {isa = PBXFileReference; lastKnownFileType = sourcecode.swift; path = ExcusesStrings.swift; sourceTree = "<group>"; };
		4C1CBE1221CEF75500048AA9 /* SetupCell.swift */ = {isa = PBXFileReference; lastKnownFileType = sourcecode.swift; path = SetupCell.swift; sourceTree = "<group>"; };
/* End PBXFileReference section */

/* Begin PBXFrameworksBuildPhase section */
		4C072A0E21CECCAE00DCB0DE /* Frameworks */ = {
			isa = PBXFrameworksBuildPhase;
			buildActionMask = 2147483647;
			files = (
			);
			runOnlyForDeploymentPostprocessing = 0;
		};
/* End PBXFrameworksBuildPhase section */

/* Begin PBXGroup section */
		4C072A0821CECCAE00DCB0DE = {
			isa = PBXGroup;
			children = (
				4C072A1321CECCAE00DCB0DE /* Excusedex */,
				4C072A1221CECCAE00DCB0DE /* Products */,
			);
			sourceTree = "<group>";
		};
		4C072A1221CECCAE00DCB0DE /* Products */ = {
			isa = PBXGroup;
			children = (
				4C072A1121CECCAE00DCB0DE /* Excusedex.app */,
			);
			name = Products;
			sourceTree = "<group>";
		};
		4C072A1321CECCAE00DCB0DE /* Excusedex */ = {
			isa = PBXGroup;
			children = (
				4C072A1421CECCAE00DCB0DE /* AppDelegate.swift */,
				4C072A1621CECCAE00DCB0DE /* ExcuseViewController.swift */,
				4C1CBE1221CEF75500048AA9 /* SetupCell.swift */,
				4C072A2B21CED24C00DCB0DE /* ExcusesStrings.swift */,
				4C072A1821CECCAE00DCB0DE /* Main.storyboard */,
				4C072A1E21CECCAF00DCB0DE /* Assets.xcassets */,
				4C072A2021CECCAF00DCB0DE /* LaunchScreen.storyboard */,
				4C072A2321CECCAF00DCB0DE /* Info.plist */,
				4C072A1B21CECCAE00DCB0DE /* Excusedex.xcdatamodeld */,
			);
			path = Excusedex;
			sourceTree = "<group>";
		};
/* End PBXGroup section */

/* Begin PBXNativeTarget section */
		4C072A1021CECCAE00DCB0DE /* Excusedex */ = {
			isa = PBXNativeTarget;
			buildConfigurationList = 4C072A2621CECCAF00DCB0DE /* Build configuration list for PBXNativeTarget "Excusedex" */;
			buildPhases = (
				4C072A0D21CECCAE00DCB0DE /* Sources */,
				4C072A0E21CECCAE00DCB0DE /* Frameworks */,
				4C072A0F21CECCAE00DCB0DE /* Resources */,
			);
			buildRules = (
			);
			dependencies = (
			);
			name = Excusedex;
			productName = Excusedex;
			productReference = 4C072A1121CECCAE00DCB0DE /* Excusedex.app */;
			productType = "com.apple.product-type.application";
		};
/* End PBXNativeTarget section */

/* Begin PBXProject section */
		4C072A0921CECCAE00DCB0DE /* Project object */ = {
			isa = PBXProject;
			attributes = {
				LastSwiftUpdateCheck = 1010;
				LastUpgradeCheck = 1010;
				ORGANIZATIONNAME = "Andrew Miotke";
				TargetAttributes = {
					4C072A1021CECCAE00DCB0DE = {
						CreatedOnToolsVersion = 10.1;
					};
				};
			};
			buildConfigurationList = 4C072A0C21CECCAE00DCB0DE /* Build configuration list for PBXProject "Excusedex" */;
			compatibilityVersion = "Xcode 9.3";
			developmentRegion = en;
			hasScannedForEncodings = 0;
			knownRegions = (
				en,
				Base,
			);
			mainGroup = 4C072A0821CECCAE00DCB0DE;
			productRefGroup = 4C072A1221CECCAE00DCB0DE /* Products */;
			projectDirPath = "";
			projectRoot = "";
			targets = (
				4C072A1021CECCAE00DCB0DE /* Excusedex */,
			);
		};
/* End PBXProject section */

/* Begin PBXResourcesBuildPhase section */
		4C072A0F21CECCAE00DCB0DE /* Resources */ = {
			isa = PBXResourcesBuildPhase;
			buildActionMask = 2147483647;
			files = (
				4C072A2221CECCAF00DCB0DE /* LaunchScreen.storyboard in Resources */,
				4C072A1F21CECCAF00DCB0DE /* Assets.xcassets in Resources */,
				4C072A1A21CECCAE00DCB0DE /* Main.storyboard in Resources */,
			);
			runOnlyForDeploymentPostprocessing = 0;
		};
/* End PBXResourcesBuildPhase section */

/* Begin PBXSourcesBuildPhase section */
		4C072A0D21CECCAE00DCB0DE /* Sources */ = {
			isa = PBXSourcesBuildPhase;
			buildActionMask = 2147483647;
			files = (
				4C072A2C21CED24C00DCB0DE /* ExcusesStrings.swift in Sources */,
				4C1CBE1321CEF75500048AA9 /* SetupCell.swift in Sources */,
				4C072A1D21CECCAE00DCB0DE /* Excusedex.xcdatamodeld in Sources */,
				4C072A1721CECCAE00DCB0DE /* ExcuseViewController.swift in Sources */,
				4C072A1521CECCAE00DCB0DE /* AppDelegate.swift in Sources */,
			);
			runOnlyForDeploymentPostprocessing = 0;
		};
/* End PBXSourcesBuildPhase section */

/* Begin PBXVariantGroup section */
		4C072A1821CECCAE00DCB0DE /* Main.storyboard */ = {
			isa = PBXVariantGroup;
			children = (
				4C072A1921CECCAE00DCB0DE /* Base */,
			);
			name = Main.storyboard;
			sourceTree = "<group>";
		};
		4C072A2021CECCAF00DCB0DE /* LaunchScreen.storyboard */ = {
			isa = PBXVariantGroup;
			children = (
				4C072A2121CECCAF00DCB0DE /* Base */,
			);
			name = LaunchScreen.storyboard;
			sourceTree = "<group>";
		};
/* End PBXVariantGroup section */

/* Begin XCBuildConfiguration section */
		4C072A2421CECCAF00DCB0DE /* Debug */ = {
			isa = XCBuildConfiguration;
			buildSettings = {
				ALWAYS_SEARCH_USER_PATHS = NO;
				CLANG_ANALYZER_NONNULL = YES;
				CLANG_ANALYZER_NUMBER_OBJECT_CONVERSION = YES_AGGRESSIVE;
				CLANG_CXX_LANGUAGE_STANDARD = "gnu++14";
				CLANG_CXX_LIBRARY = "libc++";
				CLANG_ENABLE_MODULES = YES;
				CLANG_ENABLE_OBJC_ARC = YES;
				CLANG_ENABLE_OBJC_WEAK = YES;
				CLANG_WARN_BLOCK_CAPTURE_AUTORELEASING = YES;
				CLANG_WARN_BOOL_CONVERSION = YES;
				CLANG_WARN_COMMA = YES;
				CLANG_WARN_CONSTANT_CONVERSION = YES;
				CLANG_WARN_DEPRECATED_OBJC_IMPLEMENTATIONS = YES;
				CLANG_WARN_DIRECT_OBJC_ISA_USAGE = YES_ERROR;
				CLANG_WARN_DOCUMENTATION_COMMENTS = YES;
				CLANG_WARN_EMPTY_BODY = YES;
				CLANG_WARN_ENUM_CONVERSION = YES;
				CLANG_WARN_INFINITE_RECURSION = YES;
				CLANG_WARN_INT_CONVERSION = YES;
				CLANG_WARN_NON_LITERAL_NULL_CONVERSION = YES;
				CLANG_WARN_OBJC_IMPLICIT_RETAIN_SELF = YES;
				CLANG_WARN_OBJC_LITERAL_CONVERSION = YES;
				CLANG_WARN_OBJC_ROOT_CLASS = YES_ERROR;
				CLANG_WARN_RANGE_LOOP_ANALYSIS = YES;
				CLANG_WARN_STRICT_PROTOTYPES = YES;
				CLANG_WARN_SUSPICIOUS_MOVE = YES;
				CLANG_WARN_UNGUARDED_AVAILABILITY = YES_AGGRESSIVE;
				CLANG_WARN_UNREACHABLE_CODE = YES;
				CLANG_WARN__DUPLICATE_METHOD_MATCH = YES;
				CODE_SIGN_IDENTITY = "iPhone Developer";
				COPY_PHASE_STRIP = NO;
				DEBUG_INFORMATION_FORMAT = dwarf;
				ENABLE_STRICT_OBJC_MSGSEND = YES;
				ENABLE_TESTABILITY = YES;
				GCC_C_LANGUAGE_STANDARD = gnu11;
				GCC_DYNAMIC_NO_PIC = NO;
				GCC_NO_COMMON_BLOCKS = YES;
				GCC_OPTIMIZATION_LEVEL = 0;
				GCC_PREPROCESSOR_DEFINITIONS = (
					"DEBUG=1",
					"$(inherited)",
				);
				GCC_WARN_64_TO_32_BIT_CONVERSION = YES;
				GCC_WARN_ABOUT_RETURN_TYPE = YES_ERROR;
				GCC_WARN_UNDECLARED_SELECTOR = YES;
				GCC_WARN_UNINITIALIZED_AUTOS = YES_AGGRESSIVE;
				GCC_WARN_UNUSED_FUNCTION = YES;
				GCC_WARN_UNUSED_VARIABLE = YES;
				IPHONEOS_DEPLOYMENT_TARGET = 12.1;
				MTL_ENABLE_DEBUG_INFO = INCLUDE_SOURCE;
				MTL_FAST_MATH = YES;
				ONLY_ACTIVE_ARCH = YES;
				SDKROOT = iphoneos;
				SWIFT_ACTIVE_COMPILATION_CONDITIONS = DEBUG;
				SWIFT_OPTIMIZATION_LEVEL = "-Onone";
			};
			name = Debug;
		};
		4C072A2521CECCAF00DCB0DE /* Release */ = {
			isa = XCBuildConfiguration;
			buildSettings = {
				ALWAYS_SEARCH_USER_PATHS = NO;
				CLANG_ANALYZER_NONNULL = YES;
				CLANG_ANALYZER_NUMBER_OBJECT_CONVERSION = YES_AGGRESSIVE;
				CLANG_CXX_LANGUAGE_STANDARD = "gnu++14";
				CLANG_CXX_LIBRARY = "libc++";
				CLANG_ENABLE_MODULES = YES;
				CLANG_ENABLE_OBJC_ARC = YES;
				CLANG_ENABLE_OBJC_WEAK = YES;
				CLANG_WARN_BLOCK_CAPTURE_AUTORELEASING = YES;
				CLANG_WARN_BOOL_CONVERSION = YES;
				CLANG_WARN_COMMA = YES;
				CLANG_WARN_CONSTANT_CONVERSION = YES;
				CLANG_WARN_DEPRECATED_OBJC_IMPLEMENTATIONS = YES;
				CLANG_WARN_DIRECT_OBJC_ISA_USAGE = YES_ERROR;
				CLANG_WARN_DOCUMENTATION_COMMENTS = YES;
				CLANG_WARN_EMPTY_BODY = YES;
				CLANG_WARN_ENUM_CONVERSION = YES;
				CLANG_WARN_INFINITE_RECURSION = YES;
				CLANG_WARN_INT_CONVERSION = YES;
				CLANG_WARN_NON_LITERAL_NULL_CONVERSION = YES;
				CLANG_WARN_OBJC_IMPLICIT_RETAIN_SELF = YES;
				CLANG_WARN_OBJC_LITERAL_CONVERSION = YES;
				CLANG_WARN_OBJC_ROOT_CLASS = YES_ERROR;
				CLANG_WARN_RANGE_LOOP_ANALYSIS = YES;
				CLANG_WARN_STRICT_PROTOTYPES = YES;
				CLANG_WARN_SUSPICIOUS_MOVE = YES;
				CLANG_WARN_UNGUARDED_AVAILABILITY = YES_AGGRESSIVE;
				CLANG_WARN_UNREACHABLE_CODE = YES;
				CLANG_WARN__DUPLICATE_METHOD_MATCH = YES;
				CODE_SIGN_IDENTITY = "iPhone Developer";
				COPY_PHASE_STRIP = NO;
				DEBUG_INFORMATION_FORMAT = "dwarf-with-dsym";
				ENABLE_NS_ASSERTIONS = NO;
				ENABLE_STRICT_OBJC_MSGSEND = YES;
				GCC_C_LANGUAGE_STANDARD = gnu11;
				GCC_NO_COMMON_BLOCKS = YES;
				GCC_WARN_64_TO_32_BIT_CONVERSION = YES;
				GCC_WARN_ABOUT_RETURN_TYPE = YES_ERROR;
				GCC_WARN_UNDECLARED_SELECTOR = YES;
				GCC_WARN_UNINITIALIZED_AUTOS = YES_AGGRESSIVE;
				GCC_WARN_UNUSED_FUNCTION = YES;
				GCC_WARN_UNUSED_VARIABLE = YES;
				IPHONEOS_DEPLOYMENT_TARGET = 12.1;
				MTL_ENABLE_DEBUG_INFO = NO;
				MTL_FAST_MATH = YES;
				SDKROOT = iphoneos;
				SWIFT_COMPILATION_MODE = wholemodule;
				SWIFT_OPTIMIZATION_LEVEL = "-O";
				VALIDATE_PRODUCT = YES;
			};
			name = Release;
		};
		4C072A2721CECCAF00DCB0DE /* Debug */ = {
			isa = XCBuildConfiguration;
			buildSettings = {
				ASSETCATALOG_COMPILER_APPICON_NAME = AppIcon;
				CODE_SIGN_STYLE = Automatic;
				DEVELOPMENT_TEAM = 3RCM6QHD86;
				INFOPLIST_FILE = Excusedex/Info.plist;
				LD_RUNPATH_SEARCH_PATHS = (
					"$(inherited)",
					"@executable_path/Frameworks",
				);
				PRODUCT_BUNDLE_IDENTIFIER = andrew.Excusedex;
				PRODUCT_NAME = "$(TARGET_NAME)";
				SWIFT_VERSION = 4.2;
				TARGETED_DEVICE_FAMILY = "1,2";
			};
			name = Debug;
		};
		4C072A2821CECCAF00DCB0DE /* Release */ = {
			isa = XCBuildConfiguration;
			buildSettings = {
				ASSETCATALOG_COMPILER_APPICON_NAME = AppIcon;
				CODE_SIGN_STYLE = Automatic;
				DEVELOPMENT_TEAM = 3RCM6QHD86;
				INFOPLIST_FILE = Excusedex/Info.plist;
				LD_RUNPATH_SEARCH_PATHS = (
					"$(inherited)",
					"@executable_path/Frameworks",
				);
				PRODUCT_BUNDLE_IDENTIFIER = andrew.Excusedex;
				PRODUCT_NAME = "$(TARGET_NAME)";
				SWIFT_VERSION = 4.2;
				TARGETED_DEVICE_FAMILY = "1,2";
			};
			name = Release;
		};
/* End XCBuildConfiguration section */

/* Begin XCConfigurationList section */
		4C072A0C21CECCAE00DCB0DE /* Build configuration list for PBXProject "Excusedex" */ = {
			isa = XCConfigurationList;
			buildConfigurations = (
				4C072A2421CECCAF00DCB0DE /* Debug */,
				4C072A2521CECCAF00DCB0DE /* Release */,
			);
			defaultConfigurationIsVisible = 0;
			defaultConfigurationName = Release;
		};
		4C072A2621CECCAF00DCB0DE /* Build configuration list for PBXNativeTarget "Excusedex" */ = {
			isa = XCConfigurationList;
			buildConfigurations = (
				4C072A2721CECCAF00DCB0DE /* Debug */,
				4C072A2821CECCAF00DCB0DE /* Release */,
			);
			defaultConfigurationIsVisible = 0;
			defaultConfigurationName = Release;
		};
/* End XCConfigurationList section */

/* Begin XCVersionGroup section */
		4C072A1B21CECCAE00DCB0DE /* Excusedex.xcdatamodeld */ = {
			isa = XCVersionGroup;
			children = (
				4C072A1C21CECCAE00DCB0DE /* Excusedex.xcdatamodel */,
			);
			currentVersion = 4C072A1C21CECCAE00DCB0DE /* Excusedex.xcdatamodel */;
			path = Excusedex.xcdatamodeld;
			sourceTree = "<group>";
			versionGroupType = wrapper.xcdatamodel;
		};
/* End XCVersionGroup section */
	};
	rootObject = 4C072A0921CECCAE00DCB0DE /* Project object */;
}
