// !$*UTF8*$!
{
	archiveVersion = 1;
	classes = {
	};
	objectVersion = 50;
	objects = {

/* Begin PBXBuildFile section */
		494104FA20CDFFC20080AA59 /* AppDelegate.swift in Sources */ = {isa = PBXBuildFile; fileRef = 494104F920CDFFC20080AA59 /* AppDelegate.swift */; };
		494104FC20CDFFC20080AA59 /* BaseScreen.swift in Sources */ = {isa = PBXBuildFile; fileRef = 494104FB20CDFFC20080AA59 /* BaseScreen.swift */; };
		494104FF20CDFFC20080AA59 /* Main.storyboard in Resources */ = {isa = PBXBuildFile; fileRef = 494104FD20CDFFC20080AA59 /* Main.storyboard */; };
		4941050220CDFFC20080AA59 /* VW_Golf.xcdatamodeld in Sources */ = {isa = PBXBuildFile; fileRef = 4941050020CDFFC20080AA59 /* VW_Golf.xcdatamodeld */; };
		4941050720CDFFC30080AA59 /* LaunchScreen.storyboard in Resources */ = {isa = PBXBuildFile; fileRef = 4941050520CDFFC30080AA59 /* LaunchScreen.storyboard */; };
		4941051020CDFFF40080AA59 /* SelectModelVC.swift in Sources */ = {isa = PBXBuildFile; fileRef = 4941050F20CDFFF40080AA59 /* SelectModelVC.swift */; };
		4C8E8C1820D1FA8900D661CF /* Assets.xcassets in Resources */ = {isa = PBXBuildFile; fileRef = 4C8E8C1720D1FA8900D661CF /* Assets.xcassets */; };
		4C8E8C1A20D1FD2D00D661CF /* LabelStyle.swift in Sources */ = {isa = PBXBuildFile; fileRef = 4C8E8C1920D1FD2D00D661CF /* LabelStyle.swift */; };
		4CE28D5820D0A849002013A2 /* BaseButtonStyling.swift in Sources */ = {isa = PBXBuildFile; fileRef = 4CE28D5720D0A849002013A2 /* BaseButtonStyling.swift */; };
		4CE28D5A20D0AB32002013A2 /* ModelButtonStyling.swift in Sources */ = {isa = PBXBuildFile; fileRef = 4CE28D5920D0AB32002013A2 /* ModelButtonStyling.swift */; };
/* End PBXBuildFile section */

/* Begin PBXFileReference section */
		494104F620CDFFC20080AA59 /* VW Golf.app */ = {isa = PBXFileReference; explicitFileType = wrapper.application; includeInIndex = 0; path = "VW Golf.app"; sourceTree = BUILT_PRODUCTS_DIR; };
		494104F920CDFFC20080AA59 /* AppDelegate.swift */ = {isa = PBXFileReference; lastKnownFileType = sourcecode.swift; path = AppDelegate.swift; sourceTree = "<group>"; };
		494104FB20CDFFC20080AA59 /* BaseScreen.swift */ = {isa = PBXFileReference; lastKnownFileType = sourcecode.swift; path = BaseScreen.swift; sourceTree = "<group>"; };
		494104FE20CDFFC20080AA59 /* Base */ = {isa = PBXFileReference; lastKnownFileType = file.storyboard; name = Base; path = Base.lproj/Main.storyboard; sourceTree = "<group>"; };
		4941050120CDFFC20080AA59 /* VW_Golf.xcdatamodel */ = {isa = PBXFileReference; lastKnownFileType = wrapper.xcdatamodel; path = VW_Golf.xcdatamodel; sourceTree = "<group>"; };
		4941050620CDFFC30080AA59 /* Base */ = {isa = PBXFileReference; lastKnownFileType = file.storyboard; name = Base; path = Base.lproj/LaunchScreen.storyboard; sourceTree = "<group>"; };
		4941050820CDFFC30080AA59 /* Info.plist */ = {isa = PBXFileReference; lastKnownFileType = text.plist.xml; path = Info.plist; sourceTree = "<group>"; };
		4941050F20CDFFF40080AA59 /* SelectModelVC.swift */ = {isa = PBXFileReference; lastKnownFileType = sourcecode.swift; path = SelectModelVC.swift; sourceTree = "<group>"; };
		4C8E8C1720D1FA8900D661CF /* Assets.xcassets */ = {isa = PBXFileReference; lastKnownFileType = folder.assetcatalog; path = Assets.xcassets; sourceTree = "<group>"; };
		4C8E8C1920D1FD2D00D661CF /* LabelStyle.swift */ = {isa = PBXFileReference; lastKnownFileType = sourcecode.swift; path = LabelStyle.swift; sourceTree = "<group>"; };
		4CE28D5720D0A849002013A2 /* BaseButtonStyling.swift */ = {isa = PBXFileReference; lastKnownFileType = sourcecode.swift; path = BaseButtonStyling.swift; sourceTree = "<group>"; };
		4CE28D5920D0AB32002013A2 /* ModelButtonStyling.swift */ = {isa = PBXFileReference; lastKnownFileType = sourcecode.swift; path = ModelButtonStyling.swift; sourceTree = "<group>"; };
/* End PBXFileReference section */

/* Begin PBXFrameworksBuildPhase section */
		494104F320CDFFC20080AA59 /* Frameworks */ = {
			isa = PBXFrameworksBuildPhase;
			buildActionMask = 2147483647;
			files = (
			);
			runOnlyForDeploymentPostprocessing = 0;
		};
/* End PBXFrameworksBuildPhase section */

/* Begin PBXGroup section */
		494104ED20CDFFC20080AA59 = {
			isa = PBXGroup;
			children = (
				494104F820CDFFC20080AA59 /* VW Golf */,
				494104F720CDFFC20080AA59 /* Products */,
			);
			sourceTree = "<group>";
		};
		494104F720CDFFC20080AA59 /* Products */ = {
			isa = PBXGroup;
			children = (
				494104F620CDFFC20080AA59 /* VW Golf.app */,
			);
			name = Products;
			sourceTree = "<group>";
		};
		494104F820CDFFC20080AA59 /* VW Golf */ = {
			isa = PBXGroup;
			children = (
				4CE28D5620D0A839002013A2 /* View */,
				4941050E20CDFFCD0080AA59 /* Controller */,
				494104F920CDFFC20080AA59 /* AppDelegate.swift */,
				4C8E8C1720D1FA8900D661CF /* Assets.xcassets */,
				494104FD20CDFFC20080AA59 /* Main.storyboard */,
				4941050520CDFFC30080AA59 /* LaunchScreen.storyboard */,
				4941050820CDFFC30080AA59 /* Info.plist */,
				4941050020CDFFC20080AA59 /* VW_Golf.xcdatamodeld */,
			);
			path = "VW Golf";
			sourceTree = "<group>";
		};
		4941050E20CDFFCD0080AA59 /* Controller */ = {
			isa = PBXGroup;
			children = (
				494104FB20CDFFC20080AA59 /* BaseScreen.swift */,
				4941050F20CDFFF40080AA59 /* SelectModelVC.swift */,
			);
			path = Controller;
			sourceTree = "<group>";
		};
		4CE28D5620D0A839002013A2 /* View */ = {
			isa = PBXGroup;
			children = (
				4CE28D5720D0A849002013A2 /* BaseButtonStyling.swift */,
				4CE28D5920D0AB32002013A2 /* ModelButtonStyling.swift */,
				4C8E8C1920D1FD2D00D661CF /* LabelStyle.swift */,
			);
			path = View;
			sourceTree = "<group>";
		};
/* End PBXGroup section */

/* Begin PBXNativeTarget section */
		494104F520CDFFC20080AA59 /* VW Golf */ = {
			isa = PBXNativeTarget;
			buildConfigurationList = 4941050B20CDFFC30080AA59 /* Build configuration list for PBXNativeTarget "VW Golf" */;
			buildPhases = (
				494104F220CDFFC20080AA59 /* Sources */,
				494104F320CDFFC20080AA59 /* Frameworks */,
				494104F420CDFFC20080AA59 /* Resources */,
			);
			buildRules = (
			);
			dependencies = (
			);
			name = "VW Golf";
			productName = "VW Golf";
			productReference = 494104F620CDFFC20080AA59 /* VW Golf.app */;
			productType = "com.apple.product-type.application";
		};
/* End PBXNativeTarget section */

/* Begin PBXProject section */
		494104EE20CDFFC20080AA59 /* Project object */ = {
			isa = PBXProject;
			attributes = {
				LastSwiftUpdateCheck = 0940;
				LastUpgradeCheck = 0940;
				ORGANIZATIONNAME = Andrew;
				TargetAttributes = {
					494104F520CDFFC20080AA59 = {
						CreatedOnToolsVersion = 9.4;
					};
				};
			};
			buildConfigurationList = 494104F120CDFFC20080AA59 /* Build configuration list for PBXProject "VW Golf" */;
			compatibilityVersion = "Xcode 9.3";
			developmentRegion = en;
			hasScannedForEncodings = 0;
			knownRegions = (
				en,
				Base,
			);
			mainGroup = 494104ED20CDFFC20080AA59;
			productRefGroup = 494104F720CDFFC20080AA59 /* Products */;
			projectDirPath = "";
			projectRoot = "";
			targets = (
				494104F520CDFFC20080AA59 /* VW Golf */,
			);
		};
/* End PBXProject section */

/* Begin PBXResourcesBuildPhase section */
		494104F420CDFFC20080AA59 /* Resources */ = {
			isa = PBXResourcesBuildPhase;
			buildActionMask = 2147483647;
			files = (
				4941050720CDFFC30080AA59 /* LaunchScreen.storyboard in Resources */,
				4C8E8C1820D1FA8900D661CF /* Assets.xcassets in Resources */,
				494104FF20CDFFC20080AA59 /* Main.storyboard in Resources */,
			);
			runOnlyForDeploymentPostprocessing = 0;
		};
/* End PBXResourcesBuildPhase section */

/* Begin PBXSourcesBuildPhase section */
		494104F220CDFFC20080AA59 /* Sources */ = {
			isa = PBXSourcesBuildPhase;
			buildActionMask = 2147483647;
			files = (
				4CE28D5A20D0AB32002013A2 /* ModelButtonStyling.swift in Sources */,
				4941050220CDFFC20080AA59 /* VW_Golf.xcdatamodeld in Sources */,
				4C8E8C1A20D1FD2D00D661CF /* LabelStyle.swift in Sources */,
				494104FC20CDFFC20080AA59 /* BaseScreen.swift in Sources */,
				4941051020CDFFF40080AA59 /* SelectModelVC.swift in Sources */,
				4CE28D5820D0A849002013A2 /* BaseButtonStyling.swift in Sources */,
				494104FA20CDFFC20080AA59 /* AppDelegate.swift in Sources */,
			);
			runOnlyForDeploymentPostprocessing = 0;
		};
/* End PBXSourcesBuildPhase section */

/* Begin PBXVariantGroup section */
		494104FD20CDFFC20080AA59 /* Main.storyboard */ = {
			isa = PBXVariantGroup;
			children = (
				494104FE20CDFFC20080AA59 /* Base */,
			);
			name = Main.storyboard;
			sourceTree = "<group>";
		};
		4941050520CDFFC30080AA59 /* LaunchScreen.storyboard */ = {
			isa = PBXVariantGroup;
			children = (
				4941050620CDFFC30080AA59 /* Base */,
			);
			name = LaunchScreen.storyboard;
			sourceTree = "<group>";
		};
/* End PBXVariantGroup section */

/* Begin XCBuildConfiguration section */
		4941050920CDFFC30080AA59 /* Debug */ = {
			isa = XCBuildConfiguration;
			buildSettings = {
				ALWAYS_SEARCH_USER_PATHS = NO;
				CLANG_ANALYZER_NONNULL = YES;
				CLANG_ANALYZER_NUMBER_OBJECT_CONVERSION = YES_AGGRESSIVE;
				CLANG_CXX_LANGUAGE_STANDARD = "gnu++14";
				CLANG_CXX_LIBRARY = "libc++";
				CLANG_ENABLE_MODULES = YES;
				CLANG_ENABLE_OBJC_ARC = YES;
				CLANG_ENABLE_OBJC_WEAK = YES;
				CLANG_WARN_BLOCK_CAPTURE_AUTORELEASING = YES;
				CLANG_WARN_BOOL_CONVERSION = YES;
				CLANG_WARN_COMMA = YES;
				CLANG_WARN_CONSTANT_CONVERSION = YES;
				CLANG_WARN_DEPRECATED_OBJC_IMPLEMENTATIONS = YES;
				CLANG_WARN_DIRECT_OBJC_ISA_USAGE = YES_ERROR;
				CLANG_WARN_DOCUMENTATION_COMMENTS = YES;
				CLANG_WARN_EMPTY_BODY = YES;
				CLANG_WARN_ENUM_CONVERSION = YES;
				CLANG_WARN_INFINITE_RECURSION = YES;
				CLANG_WARN_INT_CONVERSION = YES;
				CLANG_WARN_NON_LITERAL_NULL_CONVERSION = YES;
				CLANG_WARN_OBJC_IMPLICIT_RETAIN_SELF = YES;
				CLANG_WARN_OBJC_LITERAL_CONVERSION = YES;
				CLANG_WARN_OBJC_ROOT_CLASS = YES_ERROR;
				CLANG_WARN_RANGE_LOOP_ANALYSIS = YES;
				CLANG_WARN_STRICT_PROTOTYPES = YES;
				CLANG_WARN_SUSPICIOUS_MOVE = YES;
				CLANG_WARN_UNGUARDED_AVAILABILITY = YES_AGGRESSIVE;
				CLANG_WARN_UNREACHABLE_CODE = YES;
				CLANG_WARN__DUPLICATE_METHOD_MATCH = YES;
				CODE_SIGN_IDENTITY = "iPhone Developer";
				COPY_PHASE_STRIP = NO;
				DEBUG_INFORMATION_FORMAT = dwarf;
				ENABLE_STRICT_OBJC_MSGSEND = YES;
				ENABLE_TESTABILITY = YES;
				GCC_C_LANGUAGE_STANDARD = gnu11;
				GCC_DYNAMIC_NO_PIC = NO;
				GCC_NO_COMMON_BLOCKS = YES;
				GCC_OPTIMIZATION_LEVEL = 0;
				GCC_PREPROCESSOR_DEFINITIONS = (
					"DEBUG=1",
					"$(inherited)",
				);
				GCC_WARN_64_TO_32_BIT_CONVERSION = YES;
				GCC_WARN_ABOUT_RETURN_TYPE = YES_ERROR;
				GCC_WARN_UNDECLARED_SELECTOR = YES;
				GCC_WARN_UNINITIALIZED_AUTOS = YES_AGGRESSIVE;
				GCC_WARN_UNUSED_FUNCTION = YES;
				GCC_WARN_UNUSED_VARIABLE = YES;
				IPHONEOS_DEPLOYMENT_TARGET = 11.4;
				MTL_ENABLE_DEBUG_INFO = YES;
				ONLY_ACTIVE_ARCH = YES;
				SDKROOT = iphoneos;
				SWIFT_ACTIVE_COMPILATION_CONDITIONS = DEBUG;
				SWIFT_OPTIMIZATION_LEVEL = "-Onone";
			};
			name = Debug;
		};
		4941050A20CDFFC30080AA59 /* Release */ = {
			isa = XCBuildConfiguration;
			buildSettings = {
				ALWAYS_SEARCH_USER_PATHS = NO;
				CLANG_ANALYZER_NONNULL = YES;
				CLANG_ANALYZER_NUMBER_OBJECT_CONVERSION = YES_AGGRESSIVE;
				CLANG_CXX_LANGUAGE_STANDARD = "gnu++14";
				CLANG_CXX_LIBRARY = "libc++";
				CLANG_ENABLE_MODULES = YES;
				CLANG_ENABLE_OBJC_ARC = YES;
				CLANG_ENABLE_OBJC_WEAK = YES;
				CLANG_WARN_BLOCK_CAPTURE_AUTORELEASING = YES;
				CLANG_WARN_BOOL_CONVERSION = YES;
				CLANG_WARN_COMMA = YES;
				CLANG_WARN_CONSTANT_CONVERSION = YES;
				CLANG_WARN_DEPRECATED_OBJC_IMPLEMENTATIONS = YES;
				CLANG_WARN_DIRECT_OBJC_ISA_USAGE = YES_ERROR;
				CLANG_WARN_DOCUMENTATION_COMMENTS = YES;
				CLANG_WARN_EMPTY_BODY = YES;
				CLANG_WARN_ENUM_CONVERSION = YES;
				CLANG_WARN_INFINITE_RECURSION = YES;
				CLANG_WARN_INT_CONVERSION = YES;
				CLANG_WARN_NON_LITERAL_NULL_CONVERSION = YES;
				CLANG_WARN_OBJC_IMPLICIT_RETAIN_SELF = YES;
				CLANG_WARN_OBJC_LITERAL_CONVERSION = YES;
				CLANG_WARN_OBJC_ROOT_CLASS = YES_ERROR;
				CLANG_WARN_RANGE_LOOP_ANALYSIS = YES;
				CLANG_WARN_STRICT_PROTOTYPES = YES;
				CLANG_WARN_SUSPICIOUS_MOVE = YES;
				CLANG_WARN_UNGUARDED_AVAILABILITY = YES_AGGRESSIVE;
				CLANG_WARN_UNREACHABLE_CODE = YES;
				CLANG_WARN__DUPLICATE_METHOD_MATCH = YES;
				CODE_SIGN_IDENTITY = "iPhone Developer";
				COPY_PHASE_STRIP = NO;
				DEBUG_INFORMATION_FORMAT = "dwarf-with-dsym";
				ENABLE_NS_ASSERTIONS = NO;
				ENABLE_STRICT_OBJC_MSGSEND = YES;
				GCC_C_LANGUAGE_STANDARD = gnu11;
				GCC_NO_COMMON_BLOCKS = YES;
				GCC_WARN_64_TO_32_BIT_CONVERSION = YES;
				GCC_WARN_ABOUT_RETURN_TYPE = YES_ERROR;
				GCC_WARN_UNDECLARED_SELECTOR = YES;
				GCC_WARN_UNINITIALIZED_AUTOS = YES_AGGRESSIVE;
				GCC_WARN_UNUSED_FUNCTION = YES;
				GCC_WARN_UNUSED_VARIABLE = YES;
				IPHONEOS_DEPLOYMENT_TARGET = 11.4;
				MTL_ENABLE_DEBUG_INFO = NO;
				SDKROOT = iphoneos;
				SWIFT_COMPILATION_MODE = wholemodule;
				SWIFT_OPTIMIZATION_LEVEL = "-O";
				VALIDATE_PRODUCT = YES;
			};
			name = Release;
		};
		4941050C20CDFFC30080AA59 /* Debug */ = {
			isa = XCBuildConfiguration;
			buildSettings = {
				ASSETCATALOG_COMPILER_APPICON_NAME = AppIcon;
				CODE_SIGN_STYLE = Automatic;
				DEVELOPMENT_TEAM = 3RCM6QHD86;
				INFOPLIST_FILE = "VW Golf/Info.plist";
				LD_RUNPATH_SEARCH_PATHS = (
					"$(inherited)",
					"@executable_path/Frameworks",
				);
				PRODUCT_BUNDLE_IDENTIFIER = "com.andrew.VW-Golf";
				PRODUCT_NAME = "$(TARGET_NAME)";
				SWIFT_VERSION = 4.0;
				TARGETED_DEVICE_FAMILY = "1,2";
			};
			name = Debug;
		};
		4941050D20CDFFC30080AA59 /* Release */ = {
			isa = XCBuildConfiguration;
			buildSettings = {
				ASSETCATALOG_COMPILER_APPICON_NAME = AppIcon;
				CODE_SIGN_STYLE = Automatic;
				DEVELOPMENT_TEAM = 3RCM6QHD86;
				INFOPLIST_FILE = "VW Golf/Info.plist";
				LD_RUNPATH_SEARCH_PATHS = (
					"$(inherited)",
					"@executable_path/Frameworks",
				);
				PRODUCT_BUNDLE_IDENTIFIER = "com.andrew.VW-Golf";
				PRODUCT_NAME = "$(TARGET_NAME)";
				SWIFT_VERSION = 4.0;
				TARGETED_DEVICE_FAMILY = "1,2";
			};
			name = Release;
		};
/* End XCBuildConfiguration section */

/* Begin XCConfigurationList section */
		494104F120CDFFC20080AA59 /* Build configuration list for PBXProject "VW Golf" */ = {
			isa = XCConfigurationList;
			buildConfigurations = (
				4941050920CDFFC30080AA59 /* Debug */,
				4941050A20CDFFC30080AA59 /* Release */,
			);
			defaultConfigurationIsVisible = 0;
			defaultConfigurationName = Release;
		};
		4941050B20CDFFC30080AA59 /* Build configuration list for PBXNativeTarget "VW Golf" */ = {
			isa = XCConfigurationList;
			buildConfigurations = (
				4941050C20CDFFC30080AA59 /* Debug */,
				4941050D20CDFFC30080AA59 /* Release */,
			);
			defaultConfigurationIsVisible = 0;
			defaultConfigurationName = Release;
		};
/* End XCConfigurationList section */

/* Begin XCVersionGroup section */
		4941050020CDFFC20080AA59 /* VW_Golf.xcdatamodeld */ = {
			isa = XCVersionGroup;
			children = (
				4941050120CDFFC20080AA59 /* VW_Golf.xcdatamodel */,
			);
			currentVersion = 4941050120CDFFC20080AA59 /* VW_Golf.xcdatamodel */;
			path = VW_Golf.xcdatamodeld;
			sourceTree = "<group>";
			versionGroupType = wrapper.xcdatamodel;
		};
/* End XCVersionGroup section */
	};
	rootObject = 494104EE20CDFFC20080AA59 /* Project object */;
}
