// !$*UTF8*$!
{
	archiveVersion = 1;
	classes = {
	};
	objectVersion = 48;
	objects = {

/* Begin PBXBuildFile section */
		4C93D0A41FC11A0300D3E5F6 /* gus-stickers StickerPackExtension.appex in Embed App Extensions */ = {isa = PBXBuildFile; fileRef = 4C93D0A31FC11A0300D3E5F6 /* gus-stickers StickerPackExtension.appex */; settings = {ATTRIBUTES = (RemoveHeadersOnCopy, ); }; };
		4C93D0A81FC11A0400D3E5F6 /* Stickers.xcstickers in Resources */ = {isa = PBXBuildFile; fileRef = 4C93D0A71FC11A0300D3E5F6 /* Stickers.xcstickers */; };
		4C93D0A91FC11A0400D3E5F6 /* Stickers.xcstickers in Resources */ = {isa = PBXBuildFile; fileRef = 4C93D0A71FC11A0300D3E5F6 /* Stickers.xcstickers */; };
/* End PBXBuildFile section */

/* Begin PBXContainerItemProxy section */
		4C93D0A51FC11A0300D3E5F6 /* PBXContainerItemProxy */ = {
			isa = PBXContainerItemProxy;
			containerPortal = 4C93D0991FC11A0300D3E5F6 /* Project object */;
			proxyType = 1;
			remoteGlobalIDString = 4C93D0A21FC11A0300D3E5F6;
			remoteInfo = "gus-stickers StickerPackExtension";
		};
/* End PBXContainerItemProxy section */

/* Begin PBXCopyFilesBuildPhase section */
		4C93D0AF1FC11A0400D3E5F6 /* Embed App Extensions */ = {
			isa = PBXCopyFilesBuildPhase;
			buildActionMask = 2147483647;
			dstPath = "";
			dstSubfolderSpec = 13;
			files = (
				4C93D0A41FC11A0300D3E5F6 /* gus-stickers StickerPackExtension.appex in Embed App Extensions */,
			);
			name = "Embed App Extensions";
			runOnlyForDeploymentPostprocessing = 0;
		};
/* End PBXCopyFilesBuildPhase section */

/* Begin PBXFileReference section */
		4C93D09F1FC11A0300D3E5F6 /* gus-stickers.app */ = {isa = PBXFileReference; explicitFileType = wrapper.application; includeInIndex = 0; path = "gus-stickers.app"; sourceTree = BUILT_PRODUCTS_DIR; };
		4C93D0A31FC11A0300D3E5F6 /* gus-stickers StickerPackExtension.appex */ = {isa = PBXFileReference; explicitFileType = "wrapper.app-extension"; includeInIndex = 0; path = "gus-stickers StickerPackExtension.appex"; sourceTree = BUILT_PRODUCTS_DIR; };
		4C93D0A71FC11A0300D3E5F6 /* Stickers.xcstickers */ = {isa = PBXFileReference; lastKnownFileType = folder.stickers; name = Stickers.xcstickers; path = "gus-stickers StickerPackExtension/Stickers.xcstickers"; sourceTree = "<group>"; };
/* End PBXFileReference section */

/* Begin PBXGroup section */
		4C93D0981FC11A0300D3E5F6 = {
			isa = PBXGroup;
			children = (
				4C93D0A71FC11A0300D3E5F6 /* Stickers.xcstickers */,
				4C93D0A01FC11A0300D3E5F6 /* Products */,
			);
			sourceTree = "<group>";
		};
		4C93D0A01FC11A0300D3E5F6 /* Products */ = {
			isa = PBXGroup;
			children = (
				4C93D09F1FC11A0300D3E5F6 /* gus-stickers.app */,
				4C93D0A31FC11A0300D3E5F6 /* gus-stickers StickerPackExtension.appex */,
			);
			name = Products;
			sourceTree = "<group>";
		};
/* End PBXGroup section */

/* Begin PBXNativeTarget section */
		4C93D09E1FC11A0300D3E5F6 /* gus-stickers */ = {
			isa = PBXNativeTarget;
			buildConfigurationList = 4C93D0B01FC11A0400D3E5F6 /* Build configuration list for PBXNativeTarget "gus-stickers" */;
			buildPhases = (
				4C93D09D1FC11A0300D3E5F6 /* Resources */,
				4C93D0AF1FC11A0400D3E5F6 /* Embed App Extensions */,
			);
			buildRules = (
			);
			dependencies = (
				4C93D0A61FC11A0300D3E5F6 /* PBXTargetDependency */,
			);
			name = "gus-stickers";
			productName = "gus-stickers";
			productReference = 4C93D09F1FC11A0300D3E5F6 /* gus-stickers.app */;
			productType = "com.apple.product-type.application.messages";
		};
		4C93D0A21FC11A0300D3E5F6 /* gus-stickers StickerPackExtension */ = {
			isa = PBXNativeTarget;
			buildConfigurationList = 4C93D0AC1FC11A0400D3E5F6 /* Build configuration list for PBXNativeTarget "gus-stickers StickerPackExtension" */;
			buildPhases = (
				4C93D0A11FC11A0300D3E5F6 /* Resources */,
			);
			buildRules = (
			);
			dependencies = (
			);
			name = "gus-stickers StickerPackExtension";
			productName = "gus-stickers StickerPackExtension";
			productReference = 4C93D0A31FC11A0300D3E5F6 /* gus-stickers StickerPackExtension.appex */;
			productType = "com.apple.product-type.app-extension.messages-sticker-pack";
		};
/* End PBXNativeTarget section */

/* Begin PBXProject section */
		4C93D0991FC11A0300D3E5F6 /* Project object */ = {
			isa = PBXProject;
			attributes = {
				LastUpgradeCheck = 0910;
				ORGANIZATIONNAME = "Andrew Miotke";
				TargetAttributes = {
					4C93D09E1FC11A0300D3E5F6 = {
						CreatedOnToolsVersion = 9.1;
						ProvisioningStyle = Automatic;
					};
					4C93D0A21FC11A0300D3E5F6 = {
						CreatedOnToolsVersion = 9.1;
						ProvisioningStyle = Automatic;
					};
				};
			};
			buildConfigurationList = 4C93D09C1FC11A0300D3E5F6 /* Build configuration list for PBXProject "gus-stickers" */;
			compatibilityVersion = "Xcode 8.0";
			developmentRegion = en;
			hasScannedForEncodings = 0;
			knownRegions = (
				en,
			);
			mainGroup = 4C93D0981FC11A0300D3E5F6;
			productRefGroup = 4C93D0A01FC11A0300D3E5F6 /* Products */;
			projectDirPath = "";
			projectRoot = "";
			targets = (
				4C93D09E1FC11A0300D3E5F6 /* gus-stickers */,
				4C93D0A21FC11A0300D3E5F6 /* gus-stickers StickerPackExtension */,
			);
		};
/* End PBXProject section */

/* Begin PBXResourcesBuildPhase section */
		4C93D09D1FC11A0300D3E5F6 /* Resources */ = {
			isa = PBXResourcesBuildPhase;
			buildActionMask = 2147483647;
			files = (
				4C93D0A91FC11A0400D3E5F6 /* Stickers.xcstickers in Resources */,
			);
			runOnlyForDeploymentPostprocessing = 0;
		};
		4C93D0A11FC11A0300D3E5F6 /* Resources */ = {
			isa = PBXResourcesBuildPhase;
			buildActionMask = 2147483647;
			files = (
				4C93D0A81FC11A0400D3E5F6 /* Stickers.xcstickers in Resources */,
			);
			runOnlyForDeploymentPostprocessing = 0;
		};
/* End PBXResourcesBuildPhase section */

/* Begin PBXTargetDependency section */
		4C93D0A61FC11A0300D3E5F6 /* PBXTargetDependency */ = {
			isa = PBXTargetDependency;
			target = 4C93D0A21FC11A0300D3E5F6 /* gus-stickers StickerPackExtension */;
			targetProxy = 4C93D0A51FC11A0300D3E5F6 /* PBXContainerItemProxy */;
		};
/* End PBXTargetDependency section */

/* Begin XCBuildConfiguration section */
		4C93D0AA1FC11A0400D3E5F6 /* Debug */ = {
			isa = XCBuildConfiguration;
			buildSettings = {
				ALWAYS_SEARCH_USER_PATHS = NO;
				CLANG_ANALYZER_NONNULL = YES;
				CLANG_ANALYZER_NUMBER_OBJECT_CONVERSION = YES_AGGRESSIVE;
				CLANG_CXX_LANGUAGE_STANDARD = "gnu++14";
				CLANG_CXX_LIBRARY = "libc++";
				CLANG_ENABLE_MODULES = YES;
				CLANG_ENABLE_OBJC_ARC = YES;
				CLANG_WARN_BLOCK_CAPTURE_AUTORELEASING = YES;
				CLANG_WARN_BOOL_CONVERSION = YES;
				CLANG_WARN_COMMA = YES;
				CLANG_WARN_CONSTANT_CONVERSION = YES;
				CLANG_WARN_DIRECT_OBJC_ISA_USAGE = YES_ERROR;
				CLANG_WARN_DOCUMENTATION_COMMENTS = YES;
				CLANG_WARN_EMPTY_BODY = YES;
				CLANG_WARN_ENUM_CONVERSION = YES;
				CLANG_WARN_INFINITE_RECURSION = YES;
				CLANG_WARN_INT_CONVERSION = YES;
				CLANG_WARN_NON_LITERAL_NULL_CONVERSION = YES;
				CLANG_WARN_OBJC_LITERAL_CONVERSION = YES;
				CLANG_WARN_OBJC_ROOT_CLASS = YES_ERROR;
				CLANG_WARN_RANGE_LOOP_ANALYSIS = YES;
				CLANG_WARN_STRICT_PROTOTYPES = YES;
				CLANG_WARN_SUSPICIOUS_MOVE = YES;
				CLANG_WARN_UNGUARDED_AVAILABILITY = YES_AGGRESSIVE;
				CLANG_WARN_UNREACHABLE_CODE = YES;
				CLANG_WARN__DUPLICATE_METHOD_MATCH = YES;
				CODE_SIGN_IDENTITY = "iPhone Developer";
				COPY_PHASE_STRIP = NO;
				DEBUG_INFORMATION_FORMAT = dwarf;
				ENABLE_STRICT_OBJC_MSGSEND = YES;
				ENABLE_TESTABILITY = YES;
				GCC_C_LANGUAGE_STANDARD = gnu11;
				GCC_DYNAMIC_NO_PIC = NO;
				GCC_NO_COMMON_BLOCKS = YES;
				GCC_OPTIMIZATION_LEVEL = 0;
				GCC_PREPROCESSOR_DEFINITIONS = (
					"DEBUG=1",
					"$(inherited)",
				);
				GCC_WARN_64_TO_32_BIT_CONVERSION = YES;
				GCC_WARN_ABOUT_RETURN_TYPE = YES_ERROR;
				GCC_WARN_UNDECLARED_SELECTOR = YES;
				GCC_WARN_UNINITIALIZED_AUTOS = YES_AGGRESSIVE;
				GCC_WARN_UNUSED_FUNCTION = YES;
				GCC_WARN_UNUSED_VARIABLE = YES;
				IPHONEOS_DEPLOYMENT_TARGET = 11.1;
				MTL_ENABLE_DEBUG_INFO = YES;
				ONLY_ACTIVE_ARCH = YES;
				SDKROOT = iphoneos;
			};
			name = Debug;
		};
		4C93D0AB1FC11A0400D3E5F6 /* Release */ = {
			isa = XCBuildConfiguration;
			buildSettings = {
				ALWAYS_SEARCH_USER_PATHS = NO;
				CLANG_ANALYZER_NONNULL = YES;
				CLANG_ANALYZER_NUMBER_OBJECT_CONVERSION = YES_AGGRESSIVE;
				CLANG_CXX_LANGUAGE_STANDARD = "gnu++14";
				CLANG_CXX_LIBRARY = "libc++";
				CLANG_ENABLE_MODULES = YES;
				CLANG_ENABLE_OBJC_ARC = YES;
				CLANG_WARN_BLOCK_CAPTURE_AUTORELEASING = YES;
				CLANG_WARN_BOOL_CONVERSION = YES;
				CLANG_WARN_COMMA = YES;
				CLANG_WARN_CONSTANT_CONVERSION = YES;
				CLANG_WARN_DIRECT_OBJC_ISA_USAGE = YES_ERROR;
				CLANG_WARN_DOCUMENTATION_COMMENTS = YES;
				CLANG_WARN_EMPTY_BODY = YES;
				CLANG_WARN_ENUM_CONVERSION = YES;
				CLANG_WARN_INFINITE_RECURSION = YES;
				CLANG_WARN_INT_CONVERSION = YES;
				CLANG_WARN_NON_LITERAL_NULL_CONVERSION = YES;
				CLANG_WARN_OBJC_LITERAL_CONVERSION = YES;
				CLANG_WARN_OBJC_ROOT_CLASS = YES_ERROR;
				CLANG_WARN_RANGE_LOOP_ANALYSIS = YES;
				CLANG_WARN_STRICT_PROTOTYPES = YES;
				CLANG_WARN_SUSPICIOUS_MOVE = YES;
				CLANG_WARN_UNGUARDED_AVAILABILITY = YES_AGGRESSIVE;
				CLANG_WARN_UNREACHABLE_CODE = YES;
				CLANG_WARN__DUPLICATE_METHOD_MATCH = YES;
				CODE_SIGN_IDENTITY = "iPhone Developer";
				COPY_PHASE_STRIP = NO;
				DEBUG_INFORMATION_FORMAT = "dwarf-with-dsym";
				ENABLE_NS_ASSERTIONS = NO;
				ENABLE_STRICT_OBJC_MSGSEND = YES;
				GCC_C_LANGUAGE_STANDARD = gnu11;
				GCC_NO_COMMON_BLOCKS = YES;
				GCC_WARN_64_TO_32_BIT_CONVERSION = YES;
				GCC_WARN_ABOUT_RETURN_TYPE = YES_ERROR;
				GCC_WARN_UNDECLARED_SELECTOR = YES;
				GCC_WARN_UNINITIALIZED_AUTOS = YES_AGGRESSIVE;
				GCC_WARN_UNUSED_FUNCTION = YES;
				GCC_WARN_UNUSED_VARIABLE = YES;
				IPHONEOS_DEPLOYMENT_TARGET = 11.1;
				MTL_ENABLE_DEBUG_INFO = NO;
				SDKROOT = iphoneos;
				VALIDATE_PRODUCT = YES;
			};
			name = Release;
		};
		4C93D0AD1FC11A0400D3E5F6 /* Debug */ = {
			isa = XCBuildConfiguration;
			buildSettings = {
				ASSETCATALOG_COMPILER_APPICON_NAME = "iMessage App Icon";
				CODE_SIGN_STYLE = Automatic;
				DEVELOPMENT_TEAM = 3RCM6QHD86;
				INFOPLIST_FILE = "gus-stickers StickerPackExtension/Info.plist";
				PRODUCT_BUNDLE_IDENTIFIER = "miotke.gus-stickers.StickerPackExtension";
				PRODUCT_NAME = "$(TARGET_NAME)";
				SKIP_INSTALL = YES;
				TARGETED_DEVICE_FAMILY = "1,2";
			};
			name = Debug;
		};
		4C93D0AE1FC11A0400D3E5F6 /* Release */ = {
			isa = XCBuildConfiguration;
			buildSettings = {
				ASSETCATALOG_COMPILER_APPICON_NAME = "iMessage App Icon";
				CODE_SIGN_STYLE = Automatic;
				DEVELOPMENT_TEAM = 3RCM6QHD86;
				INFOPLIST_FILE = "gus-stickers StickerPackExtension/Info.plist";
				PRODUCT_BUNDLE_IDENTIFIER = "miotke.gus-stickers.StickerPackExtension";
				PRODUCT_NAME = "$(TARGET_NAME)";
				SKIP_INSTALL = YES;
				TARGETED_DEVICE_FAMILY = "1,2";
			};
			name = Release;
		};
		4C93D0B11FC11A0400D3E5F6 /* Debug */ = {
			isa = XCBuildConfiguration;
			buildSettings = {
				ASSETCATALOG_COMPILER_APPICON_NAME = "iMessage App Icon";
				CODE_SIGN_STYLE = Automatic;
				DEVELOPMENT_TEAM = 3RCM6QHD86;
				INFOPLIST_FILE = "gus-stickers/Info.plist";
				PRODUCT_BUNDLE_IDENTIFIER = "miotke.gus-stickers";
				PRODUCT_NAME = "$(TARGET_NAME)";
				TARGETED_DEVICE_FAMILY = "1,2";
			};
			name = Debug;
		};
		4C93D0B21FC11A0400D3E5F6 /* Release */ = {
			isa = XCBuildConfiguration;
			buildSettings = {
				ASSETCATALOG_COMPILER_APPICON_NAME = "iMessage App Icon";
				CODE_SIGN_STYLE = Automatic;
				DEVELOPMENT_TEAM = 3RCM6QHD86;
				INFOPLIST_FILE = "gus-stickers/Info.plist";
				PRODUCT_BUNDLE_IDENTIFIER = "miotke.gus-stickers";
				PRODUCT_NAME = "$(TARGET_NAME)";
				TARGETED_DEVICE_FAMILY = "1,2";
			};
			name = Release;
		};
/* End XCBuildConfiguration section */

/* Begin XCConfigurationList section */
		4C93D09C1FC11A0300D3E5F6 /* Build configuration list for PBXProject "gus-stickers" */ = {
			isa = XCConfigurationList;
			buildConfigurations = (
				4C93D0AA1FC11A0400D3E5F6 /* Debug */,
				4C93D0AB1FC11A0400D3E5F6 /* Release */,
			);
			defaultConfigurationIsVisible = 0;
			defaultConfigurationName = Release;
		};
		4C93D0AC1FC11A0400D3E5F6 /* Build configuration list for PBXNativeTarget "gus-stickers StickerPackExtension" */ = {
			isa = XCConfigurationList;
			buildConfigurations = (
				4C93D0AD1FC11A0400D3E5F6 /* Debug */,
				4C93D0AE1FC11A0400D3E5F6 /* Release */,
			);
			defaultConfigurationIsVisible = 0;
			defaultConfigurationName = Release;
		};
		4C93D0B01FC11A0400D3E5F6 /* Build configuration list for PBXNativeTarget "gus-stickers" */ = {
			isa = XCConfigurationList;
			buildConfigurations = (
				4C93D0B11FC11A0400D3E5F6 /* Debug */,
				4C93D0B21FC11A0400D3E5F6 /* Release */,
			);
			defaultConfigurationIsVisible = 0;
			defaultConfigurationName = Release;
		};
/* End XCConfigurationList section */
	};
	rootObject = 4C93D0991FC11A0300D3E5F6 /* Project object */;
}
