// !$*UTF8*$!
{
	archiveVersion = 1;
	classes = {
	};
	objectVersion = 48;
	objects = {

/* Begin PBXBuildFile section */
		4CCA55E11F9AD219005E4C5B /* AppDelegate.swift in Sources */ = {isa = PBXBuildFile; fileRef = 4CCA55E01F9AD219005E4C5B /* AppDelegate.swift */; };
		4CCA55E31F9AD219005E4C5B /* ViewController.swift in Sources */ = {isa = PBXBuildFile; fileRef = 4CCA55E21F9AD219005E4C5B /* ViewController.swift */; };
		4CCA55E61F9AD219005E4C5B /* Main.storyboard in Resources */ = {isa = PBXBuildFile; fileRef = 4CCA55E41F9AD219005E4C5B /* Main.storyboard */; };
		4CCA55E81F9AD219005E4C5B /* Assets.xcassets in Resources */ = {isa = PBXBuildFile; fileRef = 4CCA55E71F9AD219005E4C5B /* Assets.xcassets */; };
		4CCA55EB1F9AD219005E4C5B /* LaunchScreen.storyboard in Resources */ = {isa = PBXBuildFile; fileRef = 4CCA55E91F9AD219005E4C5B /* LaunchScreen.storyboard */; };
		4CF4F6471F9BF7C2001024F0 /* KeychainItemAccessibility.swift in Sources */ = {isa = PBXBuildFile; fileRef = 4CF4F6451F9BF7C2001024F0 /* KeychainItemAccessibility.swift */; };
		4CF4F6481F9BF7C3001024F0 /* KeychainWrapper.swift in Sources */ = {isa = PBXBuildFile; fileRef = 4CF4F6461F9BF7C2001024F0 /* KeychainWrapper.swift */; };
/* End PBXBuildFile section */

/* Begin PBXFileReference section */
		4CCA55DD1F9AD219005E4C5B /* Project28.app */ = {isa = PBXFileReference; explicitFileType = wrapper.application; includeInIndex = 0; path = Project28.app; sourceTree = BUILT_PRODUCTS_DIR; };
		4CCA55E01F9AD219005E4C5B /* AppDelegate.swift */ = {isa = PBXFileReference; lastKnownFileType = sourcecode.swift; path = AppDelegate.swift; sourceTree = "<group>"; };
		4CCA55E21F9AD219005E4C5B /* ViewController.swift */ = {isa = PBXFileReference; lastKnownFileType = sourcecode.swift; path = ViewController.swift; sourceTree = "<group>"; };
		4CCA55E51F9AD219005E4C5B /* Base */ = {isa = PBXFileReference; lastKnownFileType = file.storyboard; name = Base; path = Base.lproj/Main.storyboard; sourceTree = "<group>"; };
		4CCA55E71F9AD219005E4C5B /* Assets.xcassets */ = {isa = PBXFileReference; lastKnownFileType = folder.assetcatalog; path = Assets.xcassets; sourceTree = "<group>"; };
		4CCA55EA1F9AD219005E4C5B /* Base */ = {isa = PBXFileReference; lastKnownFileType = file.storyboard; name = Base; path = Base.lproj/LaunchScreen.storyboard; sourceTree = "<group>"; };
		4CCA55EC1F9AD219005E4C5B /* Info.plist */ = {isa = PBXFileReference; lastKnownFileType = text.plist.xml; path = Info.plist; sourceTree = "<group>"; };
		4CF4F6451F9BF7C2001024F0 /* KeychainItemAccessibility.swift */ = {isa = PBXFileReference; fileEncoding = 4; lastKnownFileType = sourcecode.swift; path = KeychainItemAccessibility.swift; sourceTree = "<group>"; };
		4CF4F6461F9BF7C2001024F0 /* KeychainWrapper.swift */ = {isa = PBXFileReference; fileEncoding = 4; lastKnownFileType = sourcecode.swift; path = KeychainWrapper.swift; sourceTree = "<group>"; };
/* End PBXFileReference section */

/* Begin PBXFrameworksBuildPhase section */
		4CCA55DA1F9AD219005E4C5B /* Frameworks */ = {
			isa = PBXFrameworksBuildPhase;
			buildActionMask = 2147483647;
			files = (
			);
			runOnlyForDeploymentPostprocessing = 0;
		};
/* End PBXFrameworksBuildPhase section */

/* Begin PBXGroup section */
		4CCA55D41F9AD219005E4C5B = {
			isa = PBXGroup;
			children = (
				4CCA55DF1F9AD219005E4C5B /* Project28 */,
				4CCA55DE1F9AD219005E4C5B /* Products */,
			);
			sourceTree = "<group>";
		};
		4CCA55DE1F9AD219005E4C5B /* Products */ = {
			isa = PBXGroup;
			children = (
				4CCA55DD1F9AD219005E4C5B /* Project28.app */,
			);
			name = Products;
			sourceTree = "<group>";
		};
		4CCA55DF1F9AD219005E4C5B /* Project28 */ = {
			isa = PBXGroup;
			children = (
				4CF4F6451F9BF7C2001024F0 /* KeychainItemAccessibility.swift */,
				4CF4F6461F9BF7C2001024F0 /* KeychainWrapper.swift */,
				4CCA55E01F9AD219005E4C5B /* AppDelegate.swift */,
				4CCA55E21F9AD219005E4C5B /* ViewController.swift */,
				4CCA55E41F9AD219005E4C5B /* Main.storyboard */,
				4CCA55E71F9AD219005E4C5B /* Assets.xcassets */,
				4CCA55E91F9AD219005E4C5B /* LaunchScreen.storyboard */,
				4CCA55EC1F9AD219005E4C5B /* Info.plist */,
			);
			path = Project28;
			sourceTree = "<group>";
		};
/* End PBXGroup section */

/* Begin PBXNativeTarget section */
		4CCA55DC1F9AD219005E4C5B /* Project28 */ = {
			isa = PBXNativeTarget;
			buildConfigurationList = 4CCA55EF1F9AD219005E4C5B /* Build configuration list for PBXNativeTarget "Project28" */;
			buildPhases = (
				4CCA55D91F9AD219005E4C5B /* Sources */,
				4CCA55DA1F9AD219005E4C5B /* Frameworks */,
				4CCA55DB1F9AD219005E4C5B /* Resources */,
			);
			buildRules = (
			);
			dependencies = (
			);
			name = Project28;
			productName = Project28;
			productReference = 4CCA55DD1F9AD219005E4C5B /* Project28.app */;
			productType = "com.apple.product-type.application";
		};
/* End PBXNativeTarget section */

/* Begin PBXProject section */
		4CCA55D51F9AD219005E4C5B /* Project object */ = {
			isa = PBXProject;
			attributes = {
				LastSwiftUpdateCheck = 0900;
				LastUpgradeCheck = 0900;
				ORGANIZATIONNAME = "Andrew Miotke";
				TargetAttributes = {
					4CCA55DC1F9AD219005E4C5B = {
						CreatedOnToolsVersion = 9.0.1;
						ProvisioningStyle = Automatic;
					};
				};
			};
			buildConfigurationList = 4CCA55D81F9AD219005E4C5B /* Build configuration list for PBXProject "Project28" */;
			compatibilityVersion = "Xcode 8.0";
			developmentRegion = en;
			hasScannedForEncodings = 0;
			knownRegions = (
				en,
				Base,
			);
			mainGroup = 4CCA55D41F9AD219005E4C5B;
			productRefGroup = 4CCA55DE1F9AD219005E4C5B /* Products */;
			projectDirPath = "";
			projectRoot = "";
			targets = (
				4CCA55DC1F9AD219005E4C5B /* Project28 */,
			);
		};
/* End PBXProject section */

/* Begin PBXResourcesBuildPhase section */
		4CCA55DB1F9AD219005E4C5B /* Resources */ = {
			isa = PBXResourcesBuildPhase;
			buildActionMask = 2147483647;
			files = (
				4CCA55EB1F9AD219005E4C5B /* LaunchScreen.storyboard in Resources */,
				4CCA55E81F9AD219005E4C5B /* Assets.xcassets in Resources */,
				4CCA55E61F9AD219005E4C5B /* Main.storyboard in Resources */,
			);
			runOnlyForDeploymentPostprocessing = 0;
		};
/* End PBXResourcesBuildPhase section */

/* Begin PBXSourcesBuildPhase section */
		4CCA55D91F9AD219005E4C5B /* Sources */ = {
			isa = PBXSourcesBuildPhase;
			buildActionMask = 2147483647;
			files = (
				4CCA55E31F9AD219005E4C5B /* ViewController.swift in Sources */,
				4CF4F6481F9BF7C3001024F0 /* KeychainWrapper.swift in Sources */,
				4CCA55E11F9AD219005E4C5B /* AppDelegate.swift in Sources */,
				4CF4F6471F9BF7C2001024F0 /* KeychainItemAccessibility.swift in Sources */,
			);
			runOnlyForDeploymentPostprocessing = 0;
		};
/* End PBXSourcesBuildPhase section */

/* Begin PBXVariantGroup section */
		4CCA55E41F9AD219005E4C5B /* Main.storyboard */ = {
			isa = PBXVariantGroup;
			children = (
				4CCA55E51F9AD219005E4C5B /* Base */,
			);
			name = Main.storyboard;
			sourceTree = "<group>";
		};
		4CCA55E91F9AD219005E4C5B /* LaunchScreen.storyboard */ = {
			isa = PBXVariantGroup;
			children = (
				4CCA55EA1F9AD219005E4C5B /* Base */,
			);
			name = LaunchScreen.storyboard;
			sourceTree = "<group>";
		};
/* End PBXVariantGroup section */

/* Begin XCBuildConfiguration section */
		4CCA55ED1F9AD219005E4C5B /* Debug */ = {
			isa = XCBuildConfiguration;
			buildSettings = {
				ALWAYS_SEARCH_USER_PATHS = NO;
				CLANG_ANALYZER_NONNULL = YES;
				CLANG_ANALYZER_NUMBER_OBJECT_CONVERSION = YES_AGGRESSIVE;
				CLANG_CXX_LANGUAGE_STANDARD = "gnu++14";
				CLANG_CXX_LIBRARY = "libc++";
				CLANG_ENABLE_MODULES = YES;
				CLANG_ENABLE_OBJC_ARC = YES;
				CLANG_WARN_BLOCK_CAPTURE_AUTORELEASING = YES;
				CLANG_WARN_BOOL_CONVERSION = YES;
				CLANG_WARN_COMMA = YES;
				CLANG_WARN_CONSTANT_CONVERSION = YES;
				CLANG_WARN_DIRECT_OBJC_ISA_USAGE = YES_ERROR;
				CLANG_WARN_DOCUMENTATION_COMMENTS = YES;
				CLANG_WARN_EMPTY_BODY = YES;
				CLANG_WARN_ENUM_CONVERSION = YES;
				CLANG_WARN_INFINITE_RECURSION = YES;
				CLANG_WARN_INT_CONVERSION = YES;
				CLANG_WARN_NON_LITERAL_NULL_CONVERSION = YES;
				CLANG_WARN_OBJC_LITERAL_CONVERSION = YES;
				CLANG_WARN_OBJC_ROOT_CLASS = YES_ERROR;
				CLANG_WARN_RANGE_LOOP_ANALYSIS = YES;
				CLANG_WARN_STRICT_PROTOTYPES = YES;
				CLANG_WARN_SUSPICIOUS_MOVE = YES;
				CLANG_WARN_UNGUARDED_AVAILABILITY = YES_AGGRESSIVE;
				CLANG_WARN_UNREACHABLE_CODE = YES;
				CLANG_WARN__DUPLICATE_METHOD_MATCH = YES;
				CODE_SIGN_IDENTITY = "iPhone Developer";
				COPY_PHASE_STRIP = NO;
				DEBUG_INFORMATION_FORMAT = dwarf;
				ENABLE_STRICT_OBJC_MSGSEND = YES;
				ENABLE_TESTABILITY = YES;
				GCC_C_LANGUAGE_STANDARD = gnu11;
				GCC_DYNAMIC_NO_PIC = NO;
				GCC_NO_COMMON_BLOCKS = YES;
				GCC_OPTIMIZATION_LEVEL = 0;
				GCC_PREPROCESSOR_DEFINITIONS = (
					"DEBUG=1",
					"$(inherited)",
				);
				GCC_WARN_64_TO_32_BIT_CONVERSION = YES;
				GCC_WARN_ABOUT_RETURN_TYPE = YES_ERROR;
				GCC_WARN_UNDECLARED_SELECTOR = YES;
				GCC_WARN_UNINITIALIZED_AUTOS = YES_AGGRESSIVE;
				GCC_WARN_UNUSED_FUNCTION = YES;
				GCC_WARN_UNUSED_VARIABLE = YES;
				IPHONEOS_DEPLOYMENT_TARGET = 11.0;
				MTL_ENABLE_DEBUG_INFO = YES;
				ONLY_ACTIVE_ARCH = YES;
				SDKROOT = iphoneos;
				SWIFT_ACTIVE_COMPILATION_CONDITIONS = DEBUG;
				SWIFT_OPTIMIZATION_LEVEL = "-Onone";
			};
			name = Debug;
		};
		4CCA55EE1F9AD219005E4C5B /* Release */ = {
			isa = XCBuildConfiguration;
			buildSettings = {
				ALWAYS_SEARCH_USER_PATHS = NO;
				CLANG_ANALYZER_NONNULL = YES;
				CLANG_ANALYZER_NUMBER_OBJECT_CONVERSION = YES_AGGRESSIVE;
				CLANG_CXX_LANGUAGE_STANDARD = "gnu++14";
				CLANG_CXX_LIBRARY = "libc++";
				CLANG_ENABLE_MODULES = YES;
				CLANG_ENABLE_OBJC_ARC = YES;
				CLANG_WARN_BLOCK_CAPTURE_AUTORELEASING = YES;
				CLANG_WARN_BOOL_CONVERSION = YES;
				CLANG_WARN_COMMA = YES;
				CLANG_WARN_CONSTANT_CONVERSION = YES;
				CLANG_WARN_DIRECT_OBJC_ISA_USAGE = YES_ERROR;
				CLANG_WARN_DOCUMENTATION_COMMENTS = YES;
				CLANG_WARN_EMPTY_BODY = YES;
				CLANG_WARN_ENUM_CONVERSION = YES;
				CLANG_WARN_INFINITE_RECURSION = YES;
				CLANG_WARN_INT_CONVERSION = YES;
				CLANG_WARN_NON_LITERAL_NULL_CONVERSION = YES;
				CLANG_WARN_OBJC_LITERAL_CONVERSION = YES;
				CLANG_WARN_OBJC_ROOT_CLASS = YES_ERROR;
				CLANG_WARN_RANGE_LOOP_ANALYSIS = YES;
				CLANG_WARN_STRICT_PROTOTYPES = YES;
				CLANG_WARN_SUSPICIOUS_MOVE = YES;
				CLANG_WARN_UNGUARDED_AVAILABILITY = YES_AGGRESSIVE;
				CLANG_WARN_UNREACHABLE_CODE = YES;
				CLANG_WARN__DUPLICATE_METHOD_MATCH = YES;
				CODE_SIGN_IDENTITY = "iPhone Developer";
				COPY_PHASE_STRIP = NO;
				DEBUG_INFORMATION_FORMAT = "dwarf-with-dsym";
				ENABLE_NS_ASSERTIONS = NO;
				ENABLE_STRICT_OBJC_MSGSEND = YES;
				GCC_C_LANGUAGE_STANDARD = gnu11;
				GCC_NO_COMMON_BLOCKS = YES;
				GCC_WARN_64_TO_32_BIT_CONVERSION = YES;
				GCC_WARN_ABOUT_RETURN_TYPE = YES_ERROR;
				GCC_WARN_UNDECLARED_SELECTOR = YES;
				GCC_WARN_UNINITIALIZED_AUTOS = YES_AGGRESSIVE;
				GCC_WARN_UNUSED_FUNCTION = YES;
				GCC_WARN_UNUSED_VARIABLE = YES;
				IPHONEOS_DEPLOYMENT_TARGET = 11.0;
				MTL_ENABLE_DEBUG_INFO = NO;
				SDKROOT = iphoneos;
				SWIFT_OPTIMIZATION_LEVEL = "-Owholemodule";
				VALIDATE_PRODUCT = YES;
			};
			name = Release;
		};
		4CCA55F01F9AD219005E4C5B /* Debug */ = {
			isa = XCBuildConfiguration;
			buildSettings = {
				ASSETCATALOG_COMPILER_APPICON_NAME = AppIcon;
				CODE_SIGN_STYLE = Automatic;
				DEVELOPMENT_TEAM = 3RCM6QHD86;
				INFOPLIST_FILE = Project28/Info.plist;
				LD_RUNPATH_SEARCH_PATHS = "$(inherited) @executable_path/Frameworks";
				PRODUCT_BUNDLE_IDENTIFIER = miotke.Project28;
				PRODUCT_NAME = "$(TARGET_NAME)";
				SWIFT_VERSION = 4.0;
				TARGETED_DEVICE_FAMILY = "1,2";
			};
			name = Debug;
		};
		4CCA55F11F9AD219005E4C5B /* Release */ = {
			isa = XCBuildConfiguration;
			buildSettings = {
				ASSETCATALOG_COMPILER_APPICON_NAME = AppIcon;
				CODE_SIGN_STYLE = Automatic;
				DEVELOPMENT_TEAM = 3RCM6QHD86;
				INFOPLIST_FILE = Project28/Info.plist;
				LD_RUNPATH_SEARCH_PATHS = "$(inherited) @executable_path/Frameworks";
				PRODUCT_BUNDLE_IDENTIFIER = miotke.Project28;
				PRODUCT_NAME = "$(TARGET_NAME)";
				SWIFT_VERSION = 4.0;
				TARGETED_DEVICE_FAMILY = "1,2";
			};
			name = Release;
		};
/* End XCBuildConfiguration section */

/* Begin XCConfigurationList section */
		4CCA55D81F9AD219005E4C5B /* Build configuration list for PBXProject "Project28" */ = {
			isa = XCConfigurationList;
			buildConfigurations = (
				4CCA55ED1F9AD219005E4C5B /* Debug */,
				4CCA55EE1F9AD219005E4C5B /* Release */,
			);
			defaultConfigurationIsVisible = 0;
			defaultConfigurationName = Release;
		};
		4CCA55EF1F9AD219005E4C5B /* Build configuration list for PBXNativeTarget "Project28" */ = {
			isa = XCConfigurationList;
			buildConfigurations = (
				4CCA55F01F9AD219005E4C5B /* Debug */,
				4CCA55F11F9AD219005E4C5B /* Release */,
			);
			defaultConfigurationIsVisible = 0;
			defaultConfigurationName = Release;
		};
/* End XCConfigurationList section */
	};
	rootObject = 4CCA55D51F9AD219005E4C5B /* Project object */;
}
