// !$*UTF8*$!
{
	archiveVersion = 1;
	classes = {
	};
	objectVersion = 48;
	objects = {

/* Begin PBXBuildFile section */
		4C3898021F8895D200FC2436 /* Helper.swift in Sources */ = {isa = PBXBuildFile; fileRef = 4C3898011F8895D100FC2436 /* Helper.swift */; };
		4CCA619A1F846174008C184D /* AppDelegate.swift in Sources */ = {isa = PBXBuildFile; fileRef = 4CCA61991F846174008C184D /* AppDelegate.swift */; };
		4CCA619C1F846174008C184D /* GameScene.sks in Resources */ = {isa = PBXBuildFile; fileRef = 4CCA619B1F846174008C184D /* GameScene.sks */; };
		4CCA61A01F846174008C184D /* GameScene.swift in Sources */ = {isa = PBXBuildFile; fileRef = 4CCA619F1F846174008C184D /* GameScene.swift */; };
		4CCA61A21F846174008C184D /* GameViewController.swift in Sources */ = {isa = PBXBuildFile; fileRef = 4CCA61A11F846174008C184D /* GameViewController.swift */; };
		4CCA61A51F846174008C184D /* Main.storyboard in Resources */ = {isa = PBXBuildFile; fileRef = 4CCA61A31F846174008C184D /* Main.storyboard */; };
		4CCA61A71F846174008C184D /* Assets.xcassets in Resources */ = {isa = PBXBuildFile; fileRef = 4CCA61A61F846174008C184D /* Assets.xcassets */; };
		4CCA61AA1F846174008C184D /* LaunchScreen.storyboard in Resources */ = {isa = PBXBuildFile; fileRef = 4CCA61A81F846174008C184D /* LaunchScreen.storyboard */; };
		4CEFFFE71F8DA3C200AF8E5A /* gameOver.png in Resources */ = {isa = PBXBuildFile; fileRef = 4CEFFFD91F8DA3C200AF8E5A /* gameOver.png */; };
		4CEFFFE81F8DA3C200AF8E5A /* gameOver@2x.png in Resources */ = {isa = PBXBuildFile; fileRef = 4CEFFFDA1F8DA3C200AF8E5A /* gameOver@2x.png */; };
		4CEFFFE91F8DA3C200AF8E5A /* penguinEvil.png in Resources */ = {isa = PBXBuildFile; fileRef = 4CEFFFDB1F8DA3C200AF8E5A /* penguinEvil.png */; };
		4CEFFFEA1F8DA3C200AF8E5A /* penguinEvil@2x.png in Resources */ = {isa = PBXBuildFile; fileRef = 4CEFFFDC1F8DA3C200AF8E5A /* penguinEvil@2x.png */; };
		4CEFFFEB1F8DA3C200AF8E5A /* penguinGood.png in Resources */ = {isa = PBXBuildFile; fileRef = 4CEFFFDD1F8DA3C200AF8E5A /* penguinGood.png */; };
		4CEFFFEC1F8DA3C200AF8E5A /* penguinGood@2x.png in Resources */ = {isa = PBXBuildFile; fileRef = 4CEFFFDE1F8DA3C200AF8E5A /* penguinGood@2x.png */; };
		4CEFFFED1F8DA3C200AF8E5A /* whack.caf in Resources */ = {isa = PBXBuildFile; fileRef = 4CEFFFDF1F8DA3C200AF8E5A /* whack.caf */; };
		4CEFFFEE1F8DA3C200AF8E5A /* whackBackground.png in Resources */ = {isa = PBXBuildFile; fileRef = 4CEFFFE01F8DA3C200AF8E5A /* whackBackground.png */; };
		4CEFFFEF1F8DA3C200AF8E5A /* whackBackground@2x.png in Resources */ = {isa = PBXBuildFile; fileRef = 4CEFFFE11F8DA3C200AF8E5A /* whackBackground@2x.png */; };
		4CEFFFF01F8DA3C200AF8E5A /* whackBad.caf in Resources */ = {isa = PBXBuildFile; fileRef = 4CEFFFE21F8DA3C200AF8E5A /* whackBad.caf */; };
		4CEFFFF11F8DA3C200AF8E5A /* whackHole.png in Resources */ = {isa = PBXBuildFile; fileRef = 4CEFFFE31F8DA3C200AF8E5A /* whackHole.png */; };
		4CEFFFF21F8DA3C200AF8E5A /* whackHole@2x.png in Resources */ = {isa = PBXBuildFile; fileRef = 4CEFFFE41F8DA3C200AF8E5A /* whackHole@2x.png */; };
		4CEFFFF31F8DA3C200AF8E5A /* whackMask.png in Resources */ = {isa = PBXBuildFile; fileRef = 4CEFFFE51F8DA3C200AF8E5A /* whackMask.png */; };
		4CEFFFF41F8DA3C200AF8E5A /* whackMask@2x.png in Resources */ = {isa = PBXBuildFile; fileRef = 4CEFFFE61F8DA3C200AF8E5A /* whackMask@2x.png */; };
		4CF0B9811F8468350059A09E /* WhackSlot.swift in Sources */ = {isa = PBXBuildFile; fileRef = 4CF0B9801F8468350059A09E /* WhackSlot.swift */; };
/* End PBXBuildFile section */

/* Begin PBXFileReference section */
		4C3898011F8895D100FC2436 /* Helper.swift */ = {isa = PBXFileReference; fileEncoding = 4; lastKnownFileType = sourcecode.swift; path = Helper.swift; sourceTree = "<group>"; };
		4CCA61961F846174008C184D /* Project14.app */ = {isa = PBXFileReference; explicitFileType = wrapper.application; includeInIndex = 0; path = Project14.app; sourceTree = BUILT_PRODUCTS_DIR; };
		4CCA61991F846174008C184D /* AppDelegate.swift */ = {isa = PBXFileReference; lastKnownFileType = sourcecode.swift; path = AppDelegate.swift; sourceTree = "<group>"; };
		4CCA619B1F846174008C184D /* GameScene.sks */ = {isa = PBXFileReference; lastKnownFileType = file.sks; path = GameScene.sks; sourceTree = "<group>"; };
		4CCA619F1F846174008C184D /* GameScene.swift */ = {isa = PBXFileReference; lastKnownFileType = sourcecode.swift; path = GameScene.swift; sourceTree = "<group>"; };
		4CCA61A11F846174008C184D /* GameViewController.swift */ = {isa = PBXFileReference; lastKnownFileType = sourcecode.swift; path = GameViewController.swift; sourceTree = "<group>"; };
		4CCA61A41F846174008C184D /* Base */ = {isa = PBXFileReference; lastKnownFileType = file.storyboard; name = Base; path = Base.lproj/Main.storyboard; sourceTree = "<group>"; };
		4CCA61A61F846174008C184D /* Assets.xcassets */ = {isa = PBXFileReference; lastKnownFileType = folder.assetcatalog; path = Assets.xcassets; sourceTree = "<group>"; };
		4CCA61A91F846174008C184D /* Base */ = {isa = PBXFileReference; lastKnownFileType = file.storyboard; name = Base; path = Base.lproj/LaunchScreen.storyboard; sourceTree = "<group>"; };
		4CCA61AB1F846174008C184D /* Info.plist */ = {isa = PBXFileReference; lastKnownFileType = text.plist.xml; path = Info.plist; sourceTree = "<group>"; };
		4CEFFFD91F8DA3C200AF8E5A /* gameOver.png */ = {isa = PBXFileReference; lastKnownFileType = image.png; path = gameOver.png; sourceTree = "<group>"; };
		4CEFFFDA1F8DA3C200AF8E5A /* gameOver@2x.png */ = {isa = PBXFileReference; lastKnownFileType = image.png; path = "gameOver@2x.png"; sourceTree = "<group>"; };
		4CEFFFDB1F8DA3C200AF8E5A /* penguinEvil.png */ = {isa = PBXFileReference; lastKnownFileType = image.png; path = penguinEvil.png; sourceTree = "<group>"; };
		4CEFFFDC1F8DA3C200AF8E5A /* penguinEvil@2x.png */ = {isa = PBXFileReference; lastKnownFileType = image.png; path = "penguinEvil@2x.png"; sourceTree = "<group>"; };
		4CEFFFDD1F8DA3C200AF8E5A /* penguinGood.png */ = {isa = PBXFileReference; lastKnownFileType = image.png; path = penguinGood.png; sourceTree = "<group>"; };
		4CEFFFDE1F8DA3C200AF8E5A /* penguinGood@2x.png */ = {isa = PBXFileReference; lastKnownFileType = image.png; path = "penguinGood@2x.png"; sourceTree = "<group>"; };
		4CEFFFDF1F8DA3C200AF8E5A /* whack.caf */ = {isa = PBXFileReference; lastKnownFileType = file; path = whack.caf; sourceTree = "<group>"; };
		4CEFFFE01F8DA3C200AF8E5A /* whackBackground.png */ = {isa = PBXFileReference; lastKnownFileType = image.png; path = whackBackground.png; sourceTree = "<group>"; };
		4CEFFFE11F8DA3C200AF8E5A /* whackBackground@2x.png */ = {isa = PBXFileReference; lastKnownFileType = image.png; path = "whackBackground@2x.png"; sourceTree = "<group>"; };
		4CEFFFE21F8DA3C200AF8E5A /* whackBad.caf */ = {isa = PBXFileReference; lastKnownFileType = file; path = whackBad.caf; sourceTree = "<group>"; };
		4CEFFFE31F8DA3C200AF8E5A /* whackHole.png */ = {isa = PBXFileReference; lastKnownFileType = image.png; path = whackHole.png; sourceTree = "<group>"; };
		4CEFFFE41F8DA3C200AF8E5A /* whackHole@2x.png */ = {isa = PBXFileReference; lastKnownFileType = image.png; path = "whackHole@2x.png"; sourceTree = "<group>"; };
		4CEFFFE51F8DA3C200AF8E5A /* whackMask.png */ = {isa = PBXFileReference; lastKnownFileType = image.png; path = whackMask.png; sourceTree = "<group>"; };
		4CEFFFE61F8DA3C200AF8E5A /* whackMask@2x.png */ = {isa = PBXFileReference; lastKnownFileType = image.png; path = "whackMask@2x.png"; sourceTree = "<group>"; };
		4CF0B9801F8468350059A09E /* WhackSlot.swift */ = {isa = PBXFileReference; lastKnownFileType = sourcecode.swift; path = WhackSlot.swift; sourceTree = "<group>"; };
/* End PBXFileReference section */

/* Begin PBXFrameworksBuildPhase section */
		4CCA61931F846174008C184D /* Frameworks */ = {
			isa = PBXFrameworksBuildPhase;
			buildActionMask = 2147483647;
			files = (
			);
			runOnlyForDeploymentPostprocessing = 0;
		};
/* End PBXFrameworksBuildPhase section */

/* Begin PBXGroup section */
		4CCA618D1F846174008C184D = {
			isa = PBXGroup;
			children = (
				4CCA61981F846174008C184D /* Project14 */,
				4CCA61971F846174008C184D /* Products */,
			);
			sourceTree = "<group>";
		};
		4CCA61971F846174008C184D /* Products */ = {
			isa = PBXGroup;
			children = (
				4CCA61961F846174008C184D /* Project14.app */,
			);
			name = Products;
			sourceTree = "<group>";
		};
		4CCA61981F846174008C184D /* Project14 */ = {
			isa = PBXGroup;
			children = (
				4CEFFFD81F8DA3C200AF8E5A /* Content */,
				4CCA61991F846174008C184D /* AppDelegate.swift */,
				4CCA619B1F846174008C184D /* GameScene.sks */,
				4CCA619F1F846174008C184D /* GameScene.swift */,
				4CF0B9801F8468350059A09E /* WhackSlot.swift */,
				4C3898011F8895D100FC2436 /* Helper.swift */,
				4CCA61A11F846174008C184D /* GameViewController.swift */,
				4CCA61A31F846174008C184D /* Main.storyboard */,
				4CCA61A61F846174008C184D /* Assets.xcassets */,
				4CCA61A81F846174008C184D /* LaunchScreen.storyboard */,
				4CCA61AB1F846174008C184D /* Info.plist */,
			);
			path = Project14;
			sourceTree = "<group>";
		};
		4CEFFFD81F8DA3C200AF8E5A /* Content */ = {
			isa = PBXGroup;
			children = (
				4CEFFFD91F8DA3C200AF8E5A /* gameOver.png */,
				4CEFFFDA1F8DA3C200AF8E5A /* gameOver@2x.png */,
				4CEFFFDB1F8DA3C200AF8E5A /* penguinEvil.png */,
				4CEFFFDC1F8DA3C200AF8E5A /* penguinEvil@2x.png */,
				4CEFFFDD1F8DA3C200AF8E5A /* penguinGood.png */,
				4CEFFFDE1F8DA3C200AF8E5A /* penguinGood@2x.png */,
				4CEFFFDF1F8DA3C200AF8E5A /* whack.caf */,
				4CEFFFE01F8DA3C200AF8E5A /* whackBackground.png */,
				4CEFFFE11F8DA3C200AF8E5A /* whackBackground@2x.png */,
				4CEFFFE21F8DA3C200AF8E5A /* whackBad.caf */,
				4CEFFFE31F8DA3C200AF8E5A /* whackHole.png */,
				4CEFFFE41F8DA3C200AF8E5A /* whackHole@2x.png */,
				4CEFFFE51F8DA3C200AF8E5A /* whackMask.png */,
				4CEFFFE61F8DA3C200AF8E5A /* whackMask@2x.png */,
			);
			name = Content;
			path = ../../../../Desktop/Content;
			sourceTree = "<group>";
		};
/* End PBXGroup section */

/* Begin PBXNativeTarget section */
		4CCA61951F846174008C184D /* Project14 */ = {
			isa = PBXNativeTarget;
			buildConfigurationList = 4CCA61AE1F846175008C184D /* Build configuration list for PBXNativeTarget "Project14" */;
			buildPhases = (
				4CCA61921F846174008C184D /* Sources */,
				4CCA61931F846174008C184D /* Frameworks */,
				4CCA61941F846174008C184D /* Resources */,
			);
			buildRules = (
			);
			dependencies = (
			);
			name = Project14;
			productName = Project14;
			productReference = 4CCA61961F846174008C184D /* Project14.app */;
			productType = "com.apple.product-type.application";
		};
/* End PBXNativeTarget section */

/* Begin PBXProject section */
		4CCA618E1F846174008C184D /* Project object */ = {
			isa = PBXProject;
			attributes = {
				LastSwiftUpdateCheck = 0900;
				LastUpgradeCheck = 0900;
				ORGANIZATIONNAME = "Andrew Miotke";
				TargetAttributes = {
					4CCA61951F846174008C184D = {
						CreatedOnToolsVersion = 9.0;
						ProvisioningStyle = Automatic;
					};
				};
			};
			buildConfigurationList = 4CCA61911F846174008C184D /* Build configuration list for PBXProject "Project14" */;
			compatibilityVersion = "Xcode 8.0";
			developmentRegion = en;
			hasScannedForEncodings = 0;
			knownRegions = (
				en,
				Base,
			);
			mainGroup = 4CCA618D1F846174008C184D;
			productRefGroup = 4CCA61971F846174008C184D /* Products */;
			projectDirPath = "";
			projectRoot = "";
			targets = (
				4CCA61951F846174008C184D /* Project14 */,
			);
		};
/* End PBXProject section */

/* Begin PBXResourcesBuildPhase section */
		4CCA61941F846174008C184D /* Resources */ = {
			isa = PBXResourcesBuildPhase;
			buildActionMask = 2147483647;
			files = (
				4CEFFFE71F8DA3C200AF8E5A /* gameOver.png in Resources */,
				4CCA61A51F846174008C184D /* Main.storyboard in Resources */,
				4CEFFFE81F8DA3C200AF8E5A /* gameOver@2x.png in Resources */,
				4CEFFFF31F8DA3C200AF8E5A /* whackMask.png in Resources */,
				4CEFFFF21F8DA3C200AF8E5A /* whackHole@2x.png in Resources */,
				4CCA619C1F846174008C184D /* GameScene.sks in Resources */,
				4CEFFFF11F8DA3C200AF8E5A /* whackHole.png in Resources */,
				4CEFFFEF1F8DA3C200AF8E5A /* whackBackground@2x.png in Resources */,
				4CEFFFEE1F8DA3C200AF8E5A /* whackBackground.png in Resources */,
				4CCA61A71F846174008C184D /* Assets.xcassets in Resources */,
				4CEFFFEA1F8DA3C200AF8E5A /* penguinEvil@2x.png in Resources */,
				4CEFFFE91F8DA3C200AF8E5A /* penguinEvil.png in Resources */,
				4CCA61AA1F846174008C184D /* LaunchScreen.storyboard in Resources */,
				4CEFFFF41F8DA3C200AF8E5A /* whackMask@2x.png in Resources */,
				4CEFFFED1F8DA3C200AF8E5A /* whack.caf in Resources */,
				4CEFFFEC1F8DA3C200AF8E5A /* penguinGood@2x.png in Resources */,
				4CEFFFEB1F8DA3C200AF8E5A /* penguinGood.png in Resources */,
				4CEFFFF01F8DA3C200AF8E5A /* whackBad.caf in Resources */,
			);
			runOnlyForDeploymentPostprocessing = 0;
		};
/* End PBXResourcesBuildPhase section */

/* Begin PBXSourcesBuildPhase section */
		4CCA61921F846174008C184D /* Sources */ = {
			isa = PBXSourcesBuildPhase;
			buildActionMask = 2147483647;
			files = (
				4CCA61A01F846174008C184D /* GameScene.swift in Sources */,
				4CCA61A21F846174008C184D /* GameViewController.swift in Sources */,
				4C3898021F8895D200FC2436 /* Helper.swift in Sources */,
				4CF0B9811F8468350059A09E /* WhackSlot.swift in Sources */,
				4CCA619A1F846174008C184D /* AppDelegate.swift in Sources */,
			);
			runOnlyForDeploymentPostprocessing = 0;
		};
/* End PBXSourcesBuildPhase section */

/* Begin PBXVariantGroup section */
		4CCA61A31F846174008C184D /* Main.storyboard */ = {
			isa = PBXVariantGroup;
			children = (
				4CCA61A41F846174008C184D /* Base */,
			);
			name = Main.storyboard;
			sourceTree = "<group>";
		};
		4CCA61A81F846174008C184D /* LaunchScreen.storyboard */ = {
			isa = PBXVariantGroup;
			children = (
				4CCA61A91F846174008C184D /* Base */,
			);
			name = LaunchScreen.storyboard;
			sourceTree = "<group>";
		};
/* End PBXVariantGroup section */

/* Begin XCBuildConfiguration section */
		4CCA61AC1F846174008C184D /* Debug */ = {
			isa = XCBuildConfiguration;
			buildSettings = {
				ALWAYS_SEARCH_USER_PATHS = NO;
				CLANG_ANALYZER_NONNULL = YES;
				CLANG_ANALYZER_NUMBER_OBJECT_CONVERSION = YES_AGGRESSIVE;
				CLANG_CXX_LANGUAGE_STANDARD = "gnu++14";
				CLANG_CXX_LIBRARY = "libc++";
				CLANG_ENABLE_MODULES = YES;
				CLANG_ENABLE_OBJC_ARC = YES;
				CLANG_WARN_BLOCK_CAPTURE_AUTORELEASING = YES;
				CLANG_WARN_BOOL_CONVERSION = YES;
				CLANG_WARN_COMMA = YES;
				CLANG_WARN_CONSTANT_CONVERSION = YES;
				CLANG_WARN_DIRECT_OBJC_ISA_USAGE = YES_ERROR;
				CLANG_WARN_DOCUMENTATION_COMMENTS = YES;
				CLANG_WARN_EMPTY_BODY = YES;
				CLANG_WARN_ENUM_CONVERSION = YES;
				CLANG_WARN_INFINITE_RECURSION = YES;
				CLANG_WARN_INT_CONVERSION = YES;
				CLANG_WARN_NON_LITERAL_NULL_CONVERSION = YES;
				CLANG_WARN_OBJC_LITERAL_CONVERSION = YES;
				CLANG_WARN_OBJC_ROOT_CLASS = YES_ERROR;
				CLANG_WARN_RANGE_LOOP_ANALYSIS = YES;
				CLANG_WARN_STRICT_PROTOTYPES = YES;
				CLANG_WARN_SUSPICIOUS_MOVE = YES;
				CLANG_WARN_UNGUARDED_AVAILABILITY = YES_AGGRESSIVE;
				CLANG_WARN_UNREACHABLE_CODE = YES;
				CLANG_WARN__DUPLICATE_METHOD_MATCH = YES;
				CODE_SIGN_IDENTITY = "iPhone Developer";
				COPY_PHASE_STRIP = NO;
				DEBUG_INFORMATION_FORMAT = dwarf;
				ENABLE_STRICT_OBJC_MSGSEND = YES;
				ENABLE_TESTABILITY = YES;
				GCC_C_LANGUAGE_STANDARD = gnu11;
				GCC_DYNAMIC_NO_PIC = NO;
				GCC_NO_COMMON_BLOCKS = YES;
				GCC_OPTIMIZATION_LEVEL = 0;
				GCC_PREPROCESSOR_DEFINITIONS = (
					"DEBUG=1",
					"$(inherited)",
				);
				GCC_WARN_64_TO_32_BIT_CONVERSION = YES;
				GCC_WARN_ABOUT_RETURN_TYPE = YES_ERROR;
				GCC_WARN_UNDECLARED_SELECTOR = YES;
				GCC_WARN_UNINITIALIZED_AUTOS = YES_AGGRESSIVE;
				GCC_WARN_UNUSED_FUNCTION = YES;
				GCC_WARN_UNUSED_VARIABLE = YES;
				IPHONEOS_DEPLOYMENT_TARGET = 11.0;
				MTL_ENABLE_DEBUG_INFO = YES;
				ONLY_ACTIVE_ARCH = YES;
				SDKROOT = iphoneos;
				SWIFT_ACTIVE_COMPILATION_CONDITIONS = DEBUG;
				SWIFT_OPTIMIZATION_LEVEL = "-Onone";
			};
			name = Debug;
		};
		4CCA61AD1F846174008C184D /* Release */ = {
			isa = XCBuildConfiguration;
			buildSettings = {
				ALWAYS_SEARCH_USER_PATHS = NO;
				CLANG_ANALYZER_NONNULL = YES;
				CLANG_ANALYZER_NUMBER_OBJECT_CONVERSION = YES_AGGRESSIVE;
				CLANG_CXX_LANGUAGE_STANDARD = "gnu++14";
				CLANG_CXX_LIBRARY = "libc++";
				CLANG_ENABLE_MODULES = YES;
				CLANG_ENABLE_OBJC_ARC = YES;
				CLANG_WARN_BLOCK_CAPTURE_AUTORELEASING = YES;
				CLANG_WARN_BOOL_CONVERSION = YES;
				CLANG_WARN_COMMA = YES;
				CLANG_WARN_CONSTANT_CONVERSION = YES;
				CLANG_WARN_DIRECT_OBJC_ISA_USAGE = YES_ERROR;
				CLANG_WARN_DOCUMENTATION_COMMENTS = YES;
				CLANG_WARN_EMPTY_BODY = YES;
				CLANG_WARN_ENUM_CONVERSION = YES;
				CLANG_WARN_INFINITE_RECURSION = YES;
				CLANG_WARN_INT_CONVERSION = YES;
				CLANG_WARN_NON_LITERAL_NULL_CONVERSION = YES;
				CLANG_WARN_OBJC_LITERAL_CONVERSION = YES;
				CLANG_WARN_OBJC_ROOT_CLASS = YES_ERROR;
				CLANG_WARN_RANGE_LOOP_ANALYSIS = YES;
				CLANG_WARN_STRICT_PROTOTYPES = YES;
				CLANG_WARN_SUSPICIOUS_MOVE = YES;
				CLANG_WARN_UNGUARDED_AVAILABILITY = YES_AGGRESSIVE;
				CLANG_WARN_UNREACHABLE_CODE = YES;
				CLANG_WARN__DUPLICATE_METHOD_MATCH = YES;
				CODE_SIGN_IDENTITY = "iPhone Developer";
				COPY_PHASE_STRIP = NO;
				DEBUG_INFORMATION_FORMAT = "dwarf-with-dsym";
				ENABLE_NS_ASSERTIONS = NO;
				ENABLE_STRICT_OBJC_MSGSEND = YES;
				GCC_C_LANGUAGE_STANDARD = gnu11;
				GCC_NO_COMMON_BLOCKS = YES;
				GCC_WARN_64_TO_32_BIT_CONVERSION = YES;
				GCC_WARN_ABOUT_RETURN_TYPE = YES_ERROR;
				GCC_WARN_UNDECLARED_SELECTOR = YES;
				GCC_WARN_UNINITIALIZED_AUTOS = YES_AGGRESSIVE;
				GCC_WARN_UNUSED_FUNCTION = YES;
				GCC_WARN_UNUSED_VARIABLE = YES;
				IPHONEOS_DEPLOYMENT_TARGET = 11.0;
				MTL_ENABLE_DEBUG_INFO = NO;
				SDKROOT = iphoneos;
				SWIFT_OPTIMIZATION_LEVEL = "-Owholemodule";
				VALIDATE_PRODUCT = YES;
			};
			name = Release;
		};
		4CCA61AF1F846175008C184D /* Debug */ = {
			isa = XCBuildConfiguration;
			buildSettings = {
				ASSETCATALOG_COMPILER_APPICON_NAME = AppIcon;
				CODE_SIGN_STYLE = Automatic;
				DEVELOPMENT_TEAM = 3RCM6QHD86;
				INFOPLIST_FILE = Project14/Info.plist;
				IPHONEOS_DEPLOYMENT_TARGET = 11.0;
				LD_RUNPATH_SEARCH_PATHS = "$(inherited) @executable_path/Frameworks";
				PRODUCT_BUNDLE_IDENTIFIER = miotke.Project14;
				PRODUCT_NAME = "$(TARGET_NAME)";
				SWIFT_VERSION = 4.0;
				TARGETED_DEVICE_FAMILY = 2;
			};
			name = Debug;
		};
		4CCA61B01F846175008C184D /* Release */ = {
			isa = XCBuildConfiguration;
			buildSettings = {
				ASSETCATALOG_COMPILER_APPICON_NAME = AppIcon;
				CODE_SIGN_STYLE = Automatic;
				DEVELOPMENT_TEAM = 3RCM6QHD86;
				INFOPLIST_FILE = Project14/Info.plist;
				IPHONEOS_DEPLOYMENT_TARGET = 11.0;
				LD_RUNPATH_SEARCH_PATHS = "$(inherited) @executable_path/Frameworks";
				PRODUCT_BUNDLE_IDENTIFIER = miotke.Project14;
				PRODUCT_NAME = "$(TARGET_NAME)";
				SWIFT_VERSION = 4.0;
				TARGETED_DEVICE_FAMILY = 2;
			};
			name = Release;
		};
/* End XCBuildConfiguration section */

/* Begin XCConfigurationList section */
		4CCA61911F846174008C184D /* Build configuration list for PBXProject "Project14" */ = {
			isa = XCConfigurationList;
			buildConfigurations = (
				4CCA61AC1F846174008C184D /* Debug */,
				4CCA61AD1F846174008C184D /* Release */,
			);
			defaultConfigurationIsVisible = 0;
			defaultConfigurationName = Release;
		};
		4CCA61AE1F846175008C184D /* Build configuration list for PBXNativeTarget "Project14" */ = {
			isa = XCConfigurationList;
			buildConfigurations = (
				4CCA61AF1F846175008C184D /* Debug */,
				4CCA61B01F846175008C184D /* Release */,
			);
			defaultConfigurationIsVisible = 0;
			defaultConfigurationName = Release;
		};
/* End XCConfigurationList section */
	};
	rootObject = 4CCA618E1F846174008C184D /* Project object */;
}
