// !$*UTF8*$!
{
	archiveVersion = 1;
	classes = {
	};
	objectVersion = 46;
	objects = {

/* Begin PBXBuildFile section */
		4C9BE44B1F770F52009A5653 /* AppDelegate.swift in Sources */ = {isa = PBXBuildFile; fileRef = 4C9BE44A1F770F52009A5653 /* AppDelegate.swift */; };
		4C9BE44D1F770F52009A5653 /* ViewController.swift in Sources */ = {isa = PBXBuildFile; fileRef = 4C9BE44C1F770F52009A5653 /* ViewController.swift */; };
		4C9BE4501F770F52009A5653 /* Main.storyboard in Resources */ = {isa = PBXBuildFile; fileRef = 4C9BE44E1F770F52009A5653 /* Main.storyboard */; };
		4C9BE4521F770F52009A5653 /* Assets.xcassets in Resources */ = {isa = PBXBuildFile; fileRef = 4C9BE4511F770F52009A5653 /* Assets.xcassets */; };
		4C9BE4551F770F52009A5653 /* LaunchScreen.storyboard in Resources */ = {isa = PBXBuildFile; fileRef = 4C9BE4531F770F52009A5653 /* LaunchScreen.storyboard */; };
		4C9BE45D1F77171D009A5653 /* SwiftyJSON.swift in Sources */ = {isa = PBXBuildFile; fileRef = 4C9BE45C1F77171D009A5653 /* SwiftyJSON.swift */; };
		4C9BE45F1F772161009A5653 /* DetailViewController.swift in Sources */ = {isa = PBXBuildFile; fileRef = 4C9BE45E1F772161009A5653 /* DetailViewController.swift */; };
/* End PBXBuildFile section */

/* Begin PBXFileReference section */
		4C9BE4471F770F52009A5653 /* Project7.app */ = {isa = PBXFileReference; explicitFileType = wrapper.application; includeInIndex = 0; path = Project7.app; sourceTree = BUILT_PRODUCTS_DIR; };
		4C9BE44A1F770F52009A5653 /* AppDelegate.swift */ = {isa = PBXFileReference; lastKnownFileType = sourcecode.swift; path = AppDelegate.swift; sourceTree = "<group>"; };
		4C9BE44C1F770F52009A5653 /* ViewController.swift */ = {isa = PBXFileReference; lastKnownFileType = sourcecode.swift; path = ViewController.swift; sourceTree = "<group>"; };
		4C9BE44F1F770F52009A5653 /* Base */ = {isa = PBXFileReference; lastKnownFileType = file.storyboard; name = Base; path = Base.lproj/Main.storyboard; sourceTree = "<group>"; };
		4C9BE4511F770F52009A5653 /* Assets.xcassets */ = {isa = PBXFileReference; lastKnownFileType = folder.assetcatalog; path = Assets.xcassets; sourceTree = "<group>"; };
		4C9BE4541F770F52009A5653 /* Base */ = {isa = PBXFileReference; lastKnownFileType = file.storyboard; name = Base; path = Base.lproj/LaunchScreen.storyboard; sourceTree = "<group>"; };
		4C9BE4561F770F52009A5653 /* Info.plist */ = {isa = PBXFileReference; lastKnownFileType = text.plist.xml; path = Info.plist; sourceTree = "<group>"; };
		4C9BE45C1F77171D009A5653 /* SwiftyJSON.swift */ = {isa = PBXFileReference; fileEncoding = 4; lastKnownFileType = sourcecode.swift; path = SwiftyJSON.swift; sourceTree = "<group>"; };
		4C9BE45E1F772161009A5653 /* DetailViewController.swift */ = {isa = PBXFileReference; fileEncoding = 4; lastKnownFileType = sourcecode.swift; path = DetailViewController.swift; sourceTree = "<group>"; };
/* End PBXFileReference section */

/* Begin PBXFrameworksBuildPhase section */
		4C9BE4441F770F52009A5653 /* Frameworks */ = {
			isa = PBXFrameworksBuildPhase;
			buildActionMask = 2147483647;
			files = (
			);
			runOnlyForDeploymentPostprocessing = 0;
		};
/* End PBXFrameworksBuildPhase section */

/* Begin PBXGroup section */
		4C9BE43E1F770F52009A5653 = {
			isa = PBXGroup;
			children = (
				4C9BE4491F770F52009A5653 /* Project7 */,
				4C9BE4481F770F52009A5653 /* Products */,
			);
			sourceTree = "<group>";
		};
		4C9BE4481F770F52009A5653 /* Products */ = {
			isa = PBXGroup;
			children = (
				4C9BE4471F770F52009A5653 /* Project7.app */,
			);
			name = Products;
			sourceTree = "<group>";
		};
		4C9BE4491F770F52009A5653 /* Project7 */ = {
			isa = PBXGroup;
			children = (
				4C9BE45C1F77171D009A5653 /* SwiftyJSON.swift */,
				4C9BE44A1F770F52009A5653 /* AppDelegate.swift */,
				4C9BE44C1F770F52009A5653 /* ViewController.swift */,
				4C9BE45E1F772161009A5653 /* DetailViewController.swift */,
				4C9BE44E1F770F52009A5653 /* Main.storyboard */,
				4C9BE4511F770F52009A5653 /* Assets.xcassets */,
				4C9BE4531F770F52009A5653 /* LaunchScreen.storyboard */,
				4C9BE4561F770F52009A5653 /* Info.plist */,
			);
			path = Project7;
			sourceTree = "<group>";
		};
/* End PBXGroup section */

/* Begin PBXNativeTarget section */
		4C9BE4461F770F52009A5653 /* Project7 */ = {
			isa = PBXNativeTarget;
			buildConfigurationList = 4C9BE4591F770F52009A5653 /* Build configuration list for PBXNativeTarget "Project7" */;
			buildPhases = (
				4C9BE4431F770F52009A5653 /* Sources */,
				4C9BE4441F770F52009A5653 /* Frameworks */,
				4C9BE4451F770F52009A5653 /* Resources */,
			);
			buildRules = (
			);
			dependencies = (
			);
			name = Project7;
			productName = Project7;
			productReference = 4C9BE4471F770F52009A5653 /* Project7.app */;
			productType = "com.apple.product-type.application";
		};
/* End PBXNativeTarget section */

/* Begin PBXProject section */
		4C9BE43F1F770F52009A5653 /* Project object */ = {
			isa = PBXProject;
			attributes = {
				LastSwiftUpdateCheck = 0830;
				LastUpgradeCheck = 0830;
				ORGANIZATIONNAME = "Andrew Miotke";
				TargetAttributes = {
					4C9BE4461F770F52009A5653 = {
						CreatedOnToolsVersion = 8.3.3;
						DevelopmentTeam = 3RCM6QHD86;
						ProvisioningStyle = Automatic;
					};
				};
			};
			buildConfigurationList = 4C9BE4421F770F52009A5653 /* Build configuration list for PBXProject "Project7" */;
			compatibilityVersion = "Xcode 3.2";
			developmentRegion = English;
			hasScannedForEncodings = 0;
			knownRegions = (
				en,
				Base,
			);
			mainGroup = 4C9BE43E1F770F52009A5653;
			productRefGroup = 4C9BE4481F770F52009A5653 /* Products */;
			projectDirPath = "";
			projectRoot = "";
			targets = (
				4C9BE4461F770F52009A5653 /* Project7 */,
			);
		};
/* End PBXProject section */

/* Begin PBXResourcesBuildPhase section */
		4C9BE4451F770F52009A5653 /* Resources */ = {
			isa = PBXResourcesBuildPhase;
			buildActionMask = 2147483647;
			files = (
				4C9BE4551F770F52009A5653 /* LaunchScreen.storyboard in Resources */,
				4C9BE4521F770F52009A5653 /* Assets.xcassets in Resources */,
				4C9BE4501F770F52009A5653 /* Main.storyboard in Resources */,
			);
			runOnlyForDeploymentPostprocessing = 0;
		};
/* End PBXResourcesBuildPhase section */

/* Begin PBXSourcesBuildPhase section */
		4C9BE4431F770F52009A5653 /* Sources */ = {
			isa = PBXSourcesBuildPhase;
			buildActionMask = 2147483647;
			files = (
				4C9BE45D1F77171D009A5653 /* SwiftyJSON.swift in Sources */,
				4C9BE44D1F770F52009A5653 /* ViewController.swift in Sources */,
				4C9BE44B1F770F52009A5653 /* AppDelegate.swift in Sources */,
				4C9BE45F1F772161009A5653 /* DetailViewController.swift in Sources */,
			);
			runOnlyForDeploymentPostprocessing = 0;
		};
/* End PBXSourcesBuildPhase section */

/* Begin PBXVariantGroup section */
		4C9BE44E1F770F52009A5653 /* Main.storyboard */ = {
			isa = PBXVariantGroup;
			children = (
				4C9BE44F1F770F52009A5653 /* Base */,
			);
			name = Main.storyboard;
			sourceTree = "<group>";
		};
		4C9BE4531F770F52009A5653 /* LaunchScreen.storyboard */ = {
			isa = PBXVariantGroup;
			children = (
				4C9BE4541F770F52009A5653 /* Base */,
			);
			name = LaunchScreen.storyboard;
			sourceTree = "<group>";
		};
/* End PBXVariantGroup section */

/* Begin XCBuildConfiguration section */
		4C9BE4571F770F52009A5653 /* Debug */ = {
			isa = XCBuildConfiguration;
			buildSettings = {
				ALWAYS_SEARCH_USER_PATHS = NO;
				CLANG_ANALYZER_NONNULL = YES;
				CLANG_ANALYZER_NUMBER_OBJECT_CONVERSION = YES_AGGRESSIVE;
				CLANG_CXX_LANGUAGE_STANDARD = "gnu++0x";
				CLANG_CXX_LIBRARY = "libc++";
				CLANG_ENABLE_MODULES = YES;
				CLANG_ENABLE_OBJC_ARC = YES;
				CLANG_WARN_BOOL_CONVERSION = YES;
				CLANG_WARN_CONSTANT_CONVERSION = YES;
				CLANG_WARN_DIRECT_OBJC_ISA_USAGE = YES_ERROR;
				CLANG_WARN_DOCUMENTATION_COMMENTS = YES;
				CLANG_WARN_EMPTY_BODY = YES;
				CLANG_WARN_ENUM_CONVERSION = YES;
				CLANG_WARN_INFINITE_RECURSION = YES;
				CLANG_WARN_INT_CONVERSION = YES;
				CLANG_WARN_OBJC_ROOT_CLASS = YES_ERROR;
				CLANG_WARN_SUSPICIOUS_MOVE = YES;
				CLANG_WARN_UNREACHABLE_CODE = YES;
				CLANG_WARN__DUPLICATE_METHOD_MATCH = YES;
				"CODE_SIGN_IDENTITY[sdk=iphoneos*]" = "iPhone Developer";
				COPY_PHASE_STRIP = NO;
				DEBUG_INFORMATION_FORMAT = dwarf;
				ENABLE_STRICT_OBJC_MSGSEND = YES;
				ENABLE_TESTABILITY = YES;
				GCC_C_LANGUAGE_STANDARD = gnu99;
				GCC_DYNAMIC_NO_PIC = NO;
				GCC_NO_COMMON_BLOCKS = YES;
				GCC_OPTIMIZATION_LEVEL = 0;
				GCC_PREPROCESSOR_DEFINITIONS = (
					"DEBUG=1",
					"$(inherited)",
				);
				GCC_WARN_64_TO_32_BIT_CONVERSION = YES;
				GCC_WARN_ABOUT_RETURN_TYPE = YES_ERROR;
				GCC_WARN_UNDECLARED_SELECTOR = YES;
				GCC_WARN_UNINITIALIZED_AUTOS = YES_AGGRESSIVE;
				GCC_WARN_UNUSED_FUNCTION = YES;
				GCC_WARN_UNUSED_VARIABLE = YES;
				IPHONEOS_DEPLOYMENT_TARGET = 10.3;
				MTL_ENABLE_DEBUG_INFO = YES;
				ONLY_ACTIVE_ARCH = YES;
				SDKROOT = iphoneos;
				SWIFT_ACTIVE_COMPILATION_CONDITIONS = DEBUG;
				SWIFT_OPTIMIZATION_LEVEL = "-Onone";
			};
			name = Debug;
		};
		4C9BE4581F770F52009A5653 /* Release */ = {
			isa = XCBuildConfiguration;
			buildSettings = {
				ALWAYS_SEARCH_USER_PATHS = NO;
				CLANG_ANALYZER_NONNULL = YES;
				CLANG_ANALYZER_NUMBER_OBJECT_CONVERSION = YES_AGGRESSIVE;
				CLANG_CXX_LANGUAGE_STANDARD = "gnu++0x";
				CLANG_CXX_LIBRARY = "libc++";
				CLANG_ENABLE_MODULES = YES;
				CLANG_ENABLE_OBJC_ARC = YES;
				CLANG_WARN_BOOL_CONVERSION = YES;
				CLANG_WARN_CONSTANT_CONVERSION = YES;
				CLANG_WARN_DIRECT_OBJC_ISA_USAGE = YES_ERROR;
				CLANG_WARN_DOCUMENTATION_COMMENTS = YES;
				CLANG_WARN_EMPTY_BODY = YES;
				CLANG_WARN_ENUM_CONVERSION = YES;
				CLANG_WARN_INFINITE_RECURSION = YES;
				CLANG_WARN_INT_CONVERSION = YES;
				CLANG_WARN_OBJC_ROOT_CLASS = YES_ERROR;
				CLANG_WARN_SUSPICIOUS_MOVE = YES;
				CLANG_WARN_UNREACHABLE_CODE = YES;
				CLANG_WARN__DUPLICATE_METHOD_MATCH = YES;
				"CODE_SIGN_IDENTITY[sdk=iphoneos*]" = "iPhone Developer";
				COPY_PHASE_STRIP = NO;
				DEBUG_INFORMATION_FORMAT = "dwarf-with-dsym";
				ENABLE_NS_ASSERTIONS = NO;
				ENABLE_STRICT_OBJC_MSGSEND = YES;
				GCC_C_LANGUAGE_STANDARD = gnu99;
				GCC_NO_COMMON_BLOCKS = YES;
				GCC_WARN_64_TO_32_BIT_CONVERSION = YES;
				GCC_WARN_ABOUT_RETURN_TYPE = YES_ERROR;
				GCC_WARN_UNDECLARED_SELECTOR = YES;
				GCC_WARN_UNINITIALIZED_AUTOS = YES_AGGRESSIVE;
				GCC_WARN_UNUSED_FUNCTION = YES;
				GCC_WARN_UNUSED_VARIABLE = YES;
				IPHONEOS_DEPLOYMENT_TARGET = 10.3;
				MTL_ENABLE_DEBUG_INFO = NO;
				SDKROOT = iphoneos;
				SWIFT_OPTIMIZATION_LEVEL = "-Owholemodule";
				VALIDATE_PRODUCT = YES;
			};
			name = Release;
		};
		4C9BE45A1F770F52009A5653 /* Debug */ = {
			isa = XCBuildConfiguration;
			buildSettings = {
				ASSETCATALOG_COMPILER_APPICON_NAME = AppIcon;
				DEVELOPMENT_TEAM = 3RCM6QHD86;
				INFOPLIST_FILE = Project7/Info.plist;
				LD_RUNPATH_SEARCH_PATHS = "$(inherited) @executable_path/Frameworks";
				PRODUCT_BUNDLE_IDENTIFIER = miotke.Project7;
				PRODUCT_NAME = "$(TARGET_NAME)";
				SWIFT_VERSION = 3.0;
			};
			name = Debug;
		};
		4C9BE45B1F770F52009A5653 /* Release */ = {
			isa = XCBuildConfiguration;
			buildSettings = {
				ASSETCATALOG_COMPILER_APPICON_NAME = AppIcon;
				DEVELOPMENT_TEAM = 3RCM6QHD86;
				INFOPLIST_FILE = Project7/Info.plist;
				LD_RUNPATH_SEARCH_PATHS = "$(inherited) @executable_path/Frameworks";
				PRODUCT_BUNDLE_IDENTIFIER = miotke.Project7;
				PRODUCT_NAME = "$(TARGET_NAME)";
				SWIFT_VERSION = 3.0;
			};
			name = Release;
		};
/* End XCBuildConfiguration section */

/* Begin XCConfigurationList section */
		4C9BE4421F770F52009A5653 /* Build configuration list for PBXProject "Project7" */ = {
			isa = XCConfigurationList;
			buildConfigurations = (
				4C9BE4571F770F52009A5653 /* Debug */,
				4C9BE4581F770F52009A5653 /* Release */,
			);
			defaultConfigurationIsVisible = 0;
			defaultConfigurationName = Release;
		};
		4C9BE4591F770F52009A5653 /* Build configuration list for PBXNativeTarget "Project7" */ = {
			isa = XCConfigurationList;
			buildConfigurations = (
				4C9BE45A1F770F52009A5653 /* Debug */,
				4C9BE45B1F770F52009A5653 /* Release */,
			);
			defaultConfigurationIsVisible = 0;
		};
/* End XCConfigurationList section */
	};
	rootObject = 4C9BE43F1F770F52009A5653 /* Project object */;
}
