// !$*UTF8*$!
{
	archiveVersion = 1;
	classes = {
	};
	objectVersion = 50;
	objects = {

/* Begin PBXBuildFile section */
		4C2155922117DE7C009A3DE0 /* AppDelegate.swift in Sources */ = {isa = PBXBuildFile; fileRef = 4C2155912117DE7C009A3DE0 /* AppDelegate.swift */; };
		4C2155942117DE7C009A3DE0 /* MapVC.swift in Sources */ = {isa = PBXBuildFile; fileRef = 4C2155932117DE7C009A3DE0 /* MapVC.swift */; };
		4C2155972117DE7C009A3DE0 /* Main.storyboard in Resources */ = {isa = PBXBuildFile; fileRef = 4C2155952117DE7C009A3DE0 /* Main.storyboard */; };
		4C2155992117DE7D009A3DE0 /* Assets.xcassets in Resources */ = {isa = PBXBuildFile; fileRef = 4C2155982117DE7D009A3DE0 /* Assets.xcassets */; };
		4C21559C2117DE7D009A3DE0 /* LaunchScreen.storyboard in Resources */ = {isa = PBXBuildFile; fileRef = 4C21559A2117DE7D009A3DE0 /* LaunchScreen.storyboard */; };
		DD102DE5D48A0FCEC022C442 /* Pods_Pixel_City_2.framework in Frameworks */ = {isa = PBXBuildFile; fileRef = 0365BF6903DC10A47A3B431A /* Pods_Pixel_City_2.framework */; };
/* End PBXBuildFile section */

/* Begin PBXFileReference section */
		0365BF6903DC10A47A3B431A /* Pods_Pixel_City_2.framework */ = {isa = PBXFileReference; explicitFileType = wrapper.framework; includeInIndex = 0; path = Pods_Pixel_City_2.framework; sourceTree = BUILT_PRODUCTS_DIR; };
		1FC2DAF66E4B8D9D9178829E /* Pods-Pixel-City-2.debug.xcconfig */ = {isa = PBXFileReference; includeInIndex = 1; lastKnownFileType = text.xcconfig; name = "Pods-Pixel-City-2.debug.xcconfig"; path = "Pods/Target Support Files/Pods-Pixel-City-2/Pods-Pixel-City-2.debug.xcconfig"; sourceTree = "<group>"; };
		4C21558E2117DE7C009A3DE0 /* Pixel-City-2.app */ = {isa = PBXFileReference; explicitFileType = wrapper.application; includeInIndex = 0; path = "Pixel-City-2.app"; sourceTree = BUILT_PRODUCTS_DIR; };
		4C2155912117DE7C009A3DE0 /* AppDelegate.swift */ = {isa = PBXFileReference; lastKnownFileType = sourcecode.swift; path = AppDelegate.swift; sourceTree = "<group>"; };
		4C2155932117DE7C009A3DE0 /* MapVC.swift */ = {isa = PBXFileReference; lastKnownFileType = sourcecode.swift; path = MapVC.swift; sourceTree = "<group>"; };
		4C2155962117DE7C009A3DE0 /* Base */ = {isa = PBXFileReference; lastKnownFileType = file.storyboard; name = Base; path = Base.lproj/Main.storyboard; sourceTree = "<group>"; };
		4C2155982117DE7D009A3DE0 /* Assets.xcassets */ = {isa = PBXFileReference; lastKnownFileType = folder.assetcatalog; path = Assets.xcassets; sourceTree = "<group>"; };
		4C21559B2117DE7D009A3DE0 /* Base */ = {isa = PBXFileReference; lastKnownFileType = file.storyboard; name = Base; path = Base.lproj/LaunchScreen.storyboard; sourceTree = "<group>"; };
		4C21559D2117DE7D009A3DE0 /* Info.plist */ = {isa = PBXFileReference; lastKnownFileType = text.plist.xml; path = Info.plist; sourceTree = "<group>"; };
		8E4669DEF4763C1B53067291 /* Pods-Pixel-City-2.release.xcconfig */ = {isa = PBXFileReference; includeInIndex = 1; lastKnownFileType = text.xcconfig; name = "Pods-Pixel-City-2.release.xcconfig"; path = "Pods/Target Support Files/Pods-Pixel-City-2/Pods-Pixel-City-2.release.xcconfig"; sourceTree = "<group>"; };
/* End PBXFileReference section */

/* Begin PBXFrameworksBuildPhase section */
		4C21558B2117DE7C009A3DE0 /* Frameworks */ = {
			isa = PBXFrameworksBuildPhase;
			buildActionMask = 2147483647;
			files = (
				DD102DE5D48A0FCEC022C442 /* Pods_Pixel_City_2.framework in Frameworks */,
			);
			runOnlyForDeploymentPostprocessing = 0;
		};
/* End PBXFrameworksBuildPhase section */

/* Begin PBXGroup section */
		4C2155852117DE7C009A3DE0 = {
			isa = PBXGroup;
			children = (
				4C2155902117DE7C009A3DE0 /* Pixel-City-2 */,
				4C21558F2117DE7C009A3DE0 /* Products */,
				9643743D2E55FABDDA14D847 /* Pods */,
				D787A041D9A16962F31AA66D /* Frameworks */,
			);
			sourceTree = "<group>";
		};
		4C21558F2117DE7C009A3DE0 /* Products */ = {
			isa = PBXGroup;
			children = (
				4C21558E2117DE7C009A3DE0 /* Pixel-City-2.app */,
			);
			name = Products;
			sourceTree = "<group>";
		};
		4C2155902117DE7C009A3DE0 /* Pixel-City-2 */ = {
			isa = PBXGroup;
			children = (
				4C2155A62117DEEC009A3DE0 /* Utilities */,
				4C2155A52117DECB009A3DE0 /* Map */,
				4C2155A42117DEC6009A3DE0 /* View */,
				4C2155A32117DEBF009A3DE0 /* Controller */,
				4C2155912117DE7C009A3DE0 /* AppDelegate.swift */,
				4C2155952117DE7C009A3DE0 /* Main.storyboard */,
				4C2155982117DE7D009A3DE0 /* Assets.xcassets */,
				4C21559A2117DE7D009A3DE0 /* LaunchScreen.storyboard */,
				4C21559D2117DE7D009A3DE0 /* Info.plist */,
			);
			path = "Pixel-City-2";
			sourceTree = "<group>";
		};
		4C2155A32117DEBF009A3DE0 /* Controller */ = {
			isa = PBXGroup;
			children = (
				4C2155932117DE7C009A3DE0 /* MapVC.swift */,
			);
			path = Controller;
			sourceTree = "<group>";
		};
		4C2155A42117DEC6009A3DE0 /* View */ = {
			isa = PBXGroup;
			children = (
			);
			path = View;
			sourceTree = "<group>";
		};
		4C2155A52117DECB009A3DE0 /* Map */ = {
			isa = PBXGroup;
			children = (
			);
			path = Map;
			sourceTree = "<group>";
		};
		4C2155A62117DEEC009A3DE0 /* Utilities */ = {
			isa = PBXGroup;
			children = (
			);
			path = Utilities;
			sourceTree = "<group>";
		};
		9643743D2E55FABDDA14D847 /* Pods */ = {
			isa = PBXGroup;
			children = (
				1FC2DAF66E4B8D9D9178829E /* Pods-Pixel-City-2.debug.xcconfig */,
				8E4669DEF4763C1B53067291 /* Pods-Pixel-City-2.release.xcconfig */,
			);
			name = Pods;
			sourceTree = "<group>";
		};
		D787A041D9A16962F31AA66D /* Frameworks */ = {
			isa = PBXGroup;
			children = (
				0365BF6903DC10A47A3B431A /* Pods_Pixel_City_2.framework */,
			);
			name = Frameworks;
			sourceTree = "<group>";
		};
/* End PBXGroup section */

/* Begin PBXNativeTarget section */
		4C21558D2117DE7C009A3DE0 /* Pixel-City-2 */ = {
			isa = PBXNativeTarget;
			buildConfigurationList = 4C2155A02117DE7D009A3DE0 /* Build configuration list for PBXNativeTarget "Pixel-City-2" */;
			buildPhases = (
				93A7BC08153D5864D35AE52D /* [CP] Check Pods Manifest.lock */,
				4C21558A2117DE7C009A3DE0 /* Sources */,
				4C21558B2117DE7C009A3DE0 /* Frameworks */,
				4C21558C2117DE7C009A3DE0 /* Resources */,
				0BF035C8455569F41BC6FD42 /* [CP] Embed Pods Frameworks */,
			);
			buildRules = (
			);
			dependencies = (
			);
			name = "Pixel-City-2";
			productName = "Pixel-City-2";
			productReference = 4C21558E2117DE7C009A3DE0 /* Pixel-City-2.app */;
			productType = "com.apple.product-type.application";
		};
/* End PBXNativeTarget section */

/* Begin PBXProject section */
		4C2155862117DE7C009A3DE0 /* Project object */ = {
			isa = PBXProject;
			attributes = {
				LastSwiftUpdateCheck = 1000;
				LastUpgradeCheck = 1000;
				ORGANIZATIONNAME = "Andrew Miotke";
				TargetAttributes = {
					4C21558D2117DE7C009A3DE0 = {
						CreatedOnToolsVersion = 10.0;
					};
				};
			};
			buildConfigurationList = 4C2155892117DE7C009A3DE0 /* Build configuration list for PBXProject "Pixel-City-2" */;
			compatibilityVersion = "Xcode 9.3";
			developmentRegion = en;
			hasScannedForEncodings = 0;
			knownRegions = (
				en,
				Base,
			);
			mainGroup = 4C2155852117DE7C009A3DE0;
			productRefGroup = 4C21558F2117DE7C009A3DE0 /* Products */;
			projectDirPath = "";
			projectRoot = "";
			targets = (
				4C21558D2117DE7C009A3DE0 /* Pixel-City-2 */,
			);
		};
/* End PBXProject section */

/* Begin PBXResourcesBuildPhase section */
		4C21558C2117DE7C009A3DE0 /* Resources */ = {
			isa = PBXResourcesBuildPhase;
			buildActionMask = 2147483647;
			files = (
				4C21559C2117DE7D009A3DE0 /* LaunchScreen.storyboard in Resources */,
				4C2155992117DE7D009A3DE0 /* Assets.xcassets in Resources */,
				4C2155972117DE7C009A3DE0 /* Main.storyboard in Resources */,
			);
			runOnlyForDeploymentPostprocessing = 0;
		};
/* End PBXResourcesBuildPhase section */

/* Begin PBXShellScriptBuildPhase section */
		0BF035C8455569F41BC6FD42 /* [CP] Embed Pods Frameworks */ = {
			isa = PBXShellScriptBuildPhase;
			buildActionMask = 2147483647;
			files = (
			);
			inputPaths = (
				"${SRCROOT}/Pods/Target Support Files/Pods-Pixel-City-2/Pods-Pixel-City-2-frameworks.sh",
				"${BUILT_PRODUCTS_DIR}/Alamofire/Alamofire.framework",
				"${BUILT_PRODUCTS_DIR}/AlamofireImage/AlamofireImage.framework",
			);
			name = "[CP] Embed Pods Frameworks";
			outputPaths = (
				"${TARGET_BUILD_DIR}/${FRAMEWORKS_FOLDER_PATH}/Alamofire.framework",
				"${TARGET_BUILD_DIR}/${FRAMEWORKS_FOLDER_PATH}/AlamofireImage.framework",
			);
			runOnlyForDeploymentPostprocessing = 0;
			shellPath = /bin/sh;
			shellScript = "\"${SRCROOT}/Pods/Target Support Files/Pods-Pixel-City-2/Pods-Pixel-City-2-frameworks.sh\"\n";
			showEnvVarsInLog = 0;
		};
		93A7BC08153D5864D35AE52D /* [CP] Check Pods Manifest.lock */ = {
			isa = PBXShellScriptBuildPhase;
			buildActionMask = 2147483647;
			files = (
			);
			inputPaths = (
				"${PODS_PODFILE_DIR_PATH}/Podfile.lock",
				"${PODS_ROOT}/Manifest.lock",
			);
			name = "[CP] Check Pods Manifest.lock";
			outputPaths = (
				"$(DERIVED_FILE_DIR)/Pods-Pixel-City-2-checkManifestLockResult.txt",
			);
			runOnlyForDeploymentPostprocessing = 0;
			shellPath = /bin/sh;
			shellScript = "diff \"${PODS_PODFILE_DIR_PATH}/Podfile.lock\" \"${PODS_ROOT}/Manifest.lock\" > /dev/null\nif [ $? != 0 ] ; then\n    # print error to STDERR\n    echo \"error: The sandbox is not in sync with the Podfile.lock. Run 'pod install' or update your CocoaPods installation.\" >&2\n    exit 1\nfi\n# This output is used by Xcode 'outputs' to avoid re-running this script phase.\necho \"SUCCESS\" > \"${SCRIPT_OUTPUT_FILE_0}\"\n";
			showEnvVarsInLog = 0;
		};
/* End PBXShellScriptBuildPhase section */

/* Begin PBXSourcesBuildPhase section */
		4C21558A2117DE7C009A3DE0 /* Sources */ = {
			isa = PBXSourcesBuildPhase;
			buildActionMask = 2147483647;
			files = (
				4C2155942117DE7C009A3DE0 /* MapVC.swift in Sources */,
				4C2155922117DE7C009A3DE0 /* AppDelegate.swift in Sources */,
			);
			runOnlyForDeploymentPostprocessing = 0;
		};
/* End PBXSourcesBuildPhase section */

/* Begin PBXVariantGroup section */
		4C2155952117DE7C009A3DE0 /* Main.storyboard */ = {
			isa = PBXVariantGroup;
			children = (
				4C2155962117DE7C009A3DE0 /* Base */,
			);
			name = Main.storyboard;
			sourceTree = "<group>";
		};
		4C21559A2117DE7D009A3DE0 /* LaunchScreen.storyboard */ = {
			isa = PBXVariantGroup;
			children = (
				4C21559B2117DE7D009A3DE0 /* Base */,
			);
			name = LaunchScreen.storyboard;
			sourceTree = "<group>";
		};
/* End PBXVariantGroup section */

/* Begin XCBuildConfiguration section */
		4C21559E2117DE7D009A3DE0 /* Debug */ = {
			isa = XCBuildConfiguration;
			buildSettings = {
				ALWAYS_SEARCH_USER_PATHS = NO;
				CLANG_ANALYZER_NONNULL = YES;
				CLANG_ANALYZER_NUMBER_OBJECT_CONVERSION = YES_AGGRESSIVE;
				CLANG_CXX_LANGUAGE_STANDARD = "gnu++14";
				CLANG_CXX_LIBRARY = "libc++";
				CLANG_ENABLE_MODULES = YES;
				CLANG_ENABLE_OBJC_ARC = YES;
				CLANG_ENABLE_OBJC_WEAK = YES;
				CLANG_WARN_BLOCK_CAPTURE_AUTORELEASING = YES;
				CLANG_WARN_BOOL_CONVERSION = YES;
				CLANG_WARN_COMMA = YES;
				CLANG_WARN_CONSTANT_CONVERSION = YES;
				CLANG_WARN_DEPRECATED_OBJC_IMPLEMENTATIONS = YES;
				CLANG_WARN_DIRECT_OBJC_ISA_USAGE = YES_ERROR;
				CLANG_WARN_DOCUMENTATION_COMMENTS = YES;
				CLANG_WARN_EMPTY_BODY = YES;
				CLANG_WARN_ENUM_CONVERSION = YES;
				CLANG_WARN_INFINITE_RECURSION = YES;
				CLANG_WARN_INT_CONVERSION = YES;
				CLANG_WARN_NON_LITERAL_NULL_CONVERSION = YES;
				CLANG_WARN_OBJC_IMPLICIT_RETAIN_SELF = YES;
				CLANG_WARN_OBJC_LITERAL_CONVERSION = YES;
				CLANG_WARN_OBJC_ROOT_CLASS = YES_ERROR;
				CLANG_WARN_RANGE_LOOP_ANALYSIS = YES;
				CLANG_WARN_STRICT_PROTOTYPES = YES;
				CLANG_WARN_SUSPICIOUS_MOVE = YES;
				CLANG_WARN_UNGUARDED_AVAILABILITY = YES_AGGRESSIVE;
				CLANG_WARN_UNREACHABLE_CODE = YES;
				CLANG_WARN__DUPLICATE_METHOD_MATCH = YES;
				CODE_SIGN_IDENTITY = "iPhone Developer";
				COPY_PHASE_STRIP = NO;
				DEBUG_INFORMATION_FORMAT = dwarf;
				ENABLE_STRICT_OBJC_MSGSEND = YES;
				ENABLE_TESTABILITY = YES;
				GCC_C_LANGUAGE_STANDARD = gnu11;
				GCC_DYNAMIC_NO_PIC = NO;
				GCC_NO_COMMON_BLOCKS = YES;
				GCC_OPTIMIZATION_LEVEL = 0;
				GCC_PREPROCESSOR_DEFINITIONS = (
					"DEBUG=1",
					"$(inherited)",
				);
				GCC_WARN_64_TO_32_BIT_CONVERSION = YES;
				GCC_WARN_ABOUT_RETURN_TYPE = YES_ERROR;
				GCC_WARN_UNDECLARED_SELECTOR = YES;
				GCC_WARN_UNINITIALIZED_AUTOS = YES_AGGRESSIVE;
				GCC_WARN_UNUSED_FUNCTION = YES;
				GCC_WARN_UNUSED_VARIABLE = YES;
				IPHONEOS_DEPLOYMENT_TARGET = 12.0;
				MTL_ENABLE_DEBUG_INFO = INCLUDE_SOURCE;
				MTL_FAST_MATH = YES;
				ONLY_ACTIVE_ARCH = YES;
				SDKROOT = iphoneos;
				SWIFT_ACTIVE_COMPILATION_CONDITIONS = DEBUG;
				SWIFT_OPTIMIZATION_LEVEL = "-Onone";
			};
			name = Debug;
		};
		4C21559F2117DE7D009A3DE0 /* Release */ = {
			isa = XCBuildConfiguration;
			buildSettings = {
				ALWAYS_SEARCH_USER_PATHS = NO;
				CLANG_ANALYZER_NONNULL = YES;
				CLANG_ANALYZER_NUMBER_OBJECT_CONVERSION = YES_AGGRESSIVE;
				CLANG_CXX_LANGUAGE_STANDARD = "gnu++14";
				CLANG_CXX_LIBRARY = "libc++";
				CLANG_ENABLE_MODULES = YES;
				CLANG_ENABLE_OBJC_ARC = YES;
				CLANG_ENABLE_OBJC_WEAK = YES;
				CLANG_WARN_BLOCK_CAPTURE_AUTORELEASING = YES;
				CLANG_WARN_BOOL_CONVERSION = YES;
				CLANG_WARN_COMMA = YES;
				CLANG_WARN_CONSTANT_CONVERSION = YES;
				CLANG_WARN_DEPRECATED_OBJC_IMPLEMENTATIONS = YES;
				CLANG_WARN_DIRECT_OBJC_ISA_USAGE = YES_ERROR;
				CLANG_WARN_DOCUMENTATION_COMMENTS = YES;
				CLANG_WARN_EMPTY_BODY = YES;
				CLANG_WARN_ENUM_CONVERSION = YES;
				CLANG_WARN_INFINITE_RECURSION = YES;
				CLANG_WARN_INT_CONVERSION = YES;
				CLANG_WARN_NON_LITERAL_NULL_CONVERSION = YES;
				CLANG_WARN_OBJC_IMPLICIT_RETAIN_SELF = YES;
				CLANG_WARN_OBJC_LITERAL_CONVERSION = YES;
				CLANG_WARN_OBJC_ROOT_CLASS = YES_ERROR;
				CLANG_WARN_RANGE_LOOP_ANALYSIS = YES;
				CLANG_WARN_STRICT_PROTOTYPES = YES;
				CLANG_WARN_SUSPICIOUS_MOVE = YES;
				CLANG_WARN_UNGUARDED_AVAILABILITY = YES_AGGRESSIVE;
				CLANG_WARN_UNREACHABLE_CODE = YES;
				CLANG_WARN__DUPLICATE_METHOD_MATCH = YES;
				CODE_SIGN_IDENTITY = "iPhone Developer";
				COPY_PHASE_STRIP = NO;
				DEBUG_INFORMATION_FORMAT = "dwarf-with-dsym";
				ENABLE_NS_ASSERTIONS = NO;
				ENABLE_STRICT_OBJC_MSGSEND = YES;
				GCC_C_LANGUAGE_STANDARD = gnu11;
				GCC_NO_COMMON_BLOCKS = YES;
				GCC_WARN_64_TO_32_BIT_CONVERSION = YES;
				GCC_WARN_ABOUT_RETURN_TYPE = YES_ERROR;
				GCC_WARN_UNDECLARED_SELECTOR = YES;
				GCC_WARN_UNINITIALIZED_AUTOS = YES_AGGRESSIVE;
				GCC_WARN_UNUSED_FUNCTION = YES;
				GCC_WARN_UNUSED_VARIABLE = YES;
				IPHONEOS_DEPLOYMENT_TARGET = 12.0;
				MTL_ENABLE_DEBUG_INFO = NO;
				MTL_FAST_MATH = YES;
				SDKROOT = iphoneos;
				SWIFT_COMPILATION_MODE = wholemodule;
				SWIFT_OPTIMIZATION_LEVEL = "-O";
				VALIDATE_PRODUCT = YES;
			};
			name = Release;
		};
		4C2155A12117DE7D009A3DE0 /* Debug */ = {
			isa = XCBuildConfiguration;
			baseConfigurationReference = 1FC2DAF66E4B8D9D9178829E /* Pods-Pixel-City-2.debug.xcconfig */;
			buildSettings = {
				ASSETCATALOG_COMPILER_APPICON_NAME = AppIcon;
				CODE_SIGN_STYLE = Automatic;
				DEVELOPMENT_TEAM = 3RCM6QHD86;
				INFOPLIST_FILE = "Pixel-City-2/Info.plist";
				LD_RUNPATH_SEARCH_PATHS = (
					"$(inherited)",
					"@executable_path/Frameworks",
				);
				PRODUCT_BUNDLE_IDENTIFIER = "andrew.Pixel-City-2";
				PRODUCT_NAME = "$(TARGET_NAME)";
				SWIFT_VERSION = 4.2;
				TARGETED_DEVICE_FAMILY = "1,2";
			};
			name = Debug;
		};
		4C2155A22117DE7D009A3DE0 /* Release */ = {
			isa = XCBuildConfiguration;
			baseConfigurationReference = 8E4669DEF4763C1B53067291 /* Pods-Pixel-City-2.release.xcconfig */;
			buildSettings = {
				ASSETCATALOG_COMPILER_APPICON_NAME = AppIcon;
				CODE_SIGN_STYLE = Automatic;
				DEVELOPMENT_TEAM = 3RCM6QHD86;
				INFOPLIST_FILE = "Pixel-City-2/Info.plist";
				LD_RUNPATH_SEARCH_PATHS = (
					"$(inherited)",
					"@executable_path/Frameworks",
				);
				PRODUCT_BUNDLE_IDENTIFIER = "andrew.Pixel-City-2";
				PRODUCT_NAME = "$(TARGET_NAME)";
				SWIFT_VERSION = 4.2;
				TARGETED_DEVICE_FAMILY = "1,2";
			};
			name = Release;
		};
/* End XCBuildConfiguration section */

/* Begin XCConfigurationList section */
		4C2155892117DE7C009A3DE0 /* Build configuration list for PBXProject "Pixel-City-2" */ = {
			isa = XCConfigurationList;
			buildConfigurations = (
				4C21559E2117DE7D009A3DE0 /* Debug */,
				4C21559F2117DE7D009A3DE0 /* Release */,
			);
			defaultConfigurationIsVisible = 0;
			defaultConfigurationName = Release;
		};
		4C2155A02117DE7D009A3DE0 /* Build configuration list for PBXNativeTarget "Pixel-City-2" */ = {
			isa = XCConfigurationList;
			buildConfigurations = (
				4C2155A12117DE7D009A3DE0 /* Debug */,
				4C2155A22117DE7D009A3DE0 /* Release */,
			);
			defaultConfigurationIsVisible = 0;
			defaultConfigurationName = Release;
		};
/* End XCConfigurationList section */
	};
	rootObject = 4C2155862117DE7C009A3DE0 /* Project object */;
}
